// !$*UTF8*$!
{
	archiveVersion = 1;
	classes = {
	};
	objectVersion = 50;
	objects = {

/* Begin PBXBuildFile section */
		0425A4952289A38B008E715D /* PackagerUtils.swift in Sources */ = {isa = PBXBuildFile; fileRef = 0425A4942289A38B008E715D /* PackagerUtils.swift */; };
		0425A49A2289E3FF008E715D /* base.json in CopyFiles */ = {isa = PBXBuildFile; fileRef = 0425A4982289E292008E715D /* base.json */; };
		04298DA322831850009D358D /* Structures.swift in Sources */ = {isa = PBXBuildFile; fileRef = 04298DA222831850009D358D /* Structures.swift */; };
		045799CE2280B47D00A76059 /* Atoms.swift in Sources */ = {isa = PBXBuildFile; fileRef = 045799CC2280B47D00A76059 /* Atoms.swift */; };
		04A486322280368000490805 /* ChemistryShared.swift in Sources */ = {isa = PBXBuildFile; fileRef = 04A486312280368000490805 /* ChemistryShared.swift */; };
		04A4864C228036BD00490805 /* ToNode.swift in Sources */ = {isa = PBXBuildFile; fileRef = 04A48643228036BC00490805 /* ToNode.swift */; };
		04A4864D228036BD00490805 /* String.swift in Sources */ = {isa = PBXBuildFile; fileRef = 04A48644228036BC00490805 /* String.swift */; };
		04A714752284A76F008F1637 /* PackSource.swift in Sources */ = {isa = PBXBuildFile; fileRef = 04A714742284A76F008F1637 /* PackSource.swift */; };
		04A714792284A7E5008F1637 /* PackDelegate.swift in Sources */ = {isa = PBXBuildFile; fileRef = 04A714782284A7E5008F1637 /* PackDelegate.swift */; };
		04F03794229AC7E50034202F /* WikipediaQuery.swift in Sources */ = {isa = PBXBuildFile; fileRef = 04F03793229AC7E50034202F /* WikipediaQuery.swift */; };
/* End PBXBuildFile section */

/* Begin PBXCopyFilesBuildPhase section */
		04A4862D2280368000490805 /* CopyFiles */ = {
			isa = PBXCopyFilesBuildPhase;
			buildActionMask = 2147483647;
			dstPath = "include/$(PRODUCT_NAME)";
			dstSubfolderSpec = 16;
			files = (
				0425A49A2289E3FF008E715D /* base.json in CopyFiles */,
			);
			runOnlyForDeploymentPostprocessing = 0;
		};
/* End PBXCopyFilesBuildPhase section */

/* Begin PBXFileReference section */
		0425A4942289A38B008E715D /* PackagerUtils.swift */ = {isa = PBXFileReference; lastKnownFileType = sourcecode.swift; path = PackagerUtils.swift; sourceTree = "<group>"; };
		0425A4982289E292008E715D /* base.json */ = {isa = PBXFileReference; fileEncoding = 4; lastKnownFileType = text.json; path = base.json; sourceTree = "<group>"; };
		04298DA222831850009D358D /* Structures.swift */ = {isa = PBXFileReference; fileEncoding = 4; lastKnownFileType = sourcecode.swift; path = Structures.swift; sourceTree = "<group>"; };
		045799CC2280B47D00A76059 /* Atoms.swift */ = {isa = PBXFileReference; fileEncoding = 4; lastKnownFileType = sourcecode.swift; path = Atoms.swift; sourceTree = "<group>"; };
		04A4862F2280368000490805 /* libChemistryShared.a */ = {isa = PBXFileReference; explicitFileType = archive.ar; includeInIndex = 0; path = libChemistryShared.a; sourceTree = BUILT_PRODUCTS_DIR; };
		04A486312280368000490805 /* ChemistryShared.swift */ = {isa = PBXFileReference; lastKnownFileType = sourcecode.swift; path = ChemistryShared.swift; sourceTree = "<group>"; };
		04A48643228036BC00490805 /* ToNode.swift */ = {isa = PBXFileReference; fileEncoding = 4; lastKnownFileType = sourcecode.swift; path = ToNode.swift; sourceTree = "<group>"; };
		04A48644228036BC00490805 /* String.swift */ = {isa = PBXFileReference; fileEncoding = 4; lastKnownFileType = sourcecode.swift; path = String.swift; sourceTree = "<group>"; };
		04A714742284A76F008F1637 /* PackSource.swift */ = {isa = PBXFileReference; lastKnownFileType = sourcecode.swift; path = PackSource.swift; sourceTree = "<group>"; };
		04A714782284A7E5008F1637 /* PackDelegate.swift */ = {isa = PBXFileReference; lastKnownFileType = sourcecode.swift; path = PackDelegate.swift; sourceTree = "<group>"; };
		04F03793229AC7E50034202F /* WikipediaQuery.swift */ = {isa = PBXFileReference; lastKnownFileType = sourcecode.swift; path = WikipediaQuery.swift; sourceTree = "<group>"; };
/* End PBXFileReference section */

/* Begin PBXFrameworksBuildPhase section */
		04A4862C2280368000490805 /* Frameworks */ = {
			isa = PBXFrameworksBuildPhase;
			buildActionMask = 2147483647;
			files = (
			);
			runOnlyForDeploymentPostprocessing = 0;
		};
/* End PBXFrameworksBuildPhase section */

/* Begin PBXGroup section */
		04298D7C2282F430009D358D /* Resources */ = {
			isa = PBXGroup;
			children = (
				0425A4982289E292008E715D /* base.json */,
			);
			path = Resources;
			sourceTree = "<group>";
		};
		04A485E42280340700490805 = {
			isa = PBXGroup;
			children = (
				04A4862F2280368000490805 /* libChemistryShared.a */,
				04A486302280368000490805 /* ChemistryShared */,
			);
			sourceTree = "<group>";
		};
		04A486302280368000490805 /* ChemistryShared */ = {
			isa = PBXGroup;
			children = (
				04F03792229AC7BB0034202F /* Wikipedia */,
				04A714732284A760008F1637 /* Pack */,
				04298DA222831850009D358D /* Structures.swift */,
				045799CC2280B47D00A76059 /* Atoms.swift */,
				04298D7C2282F430009D358D /* Resources */,
				04A48644228036BC00490805 /* String.swift */,
				04A48643228036BC00490805 /* ToNode.swift */,
				04A486312280368000490805 /* ChemistryShared.swift */,
			);
			path = ChemistryShared;
			sourceTree = "<group>";
		};
		04A714732284A760008F1637 /* Pack */ = {
			isa = PBXGroup;
			children = (
				0425A4942289A38B008E715D /* PackagerUtils.swift */,
				04A714742284A76F008F1637 /* PackSource.swift */,
				04A714782284A7E5008F1637 /* PackDelegate.swift */,
			);
			path = Pack;
			sourceTree = "<group>";
		};
		04F03792229AC7BB0034202F /* Wikipedia */ = {
			isa = PBXGroup;
			children = (
				04F03793229AC7E50034202F /* WikipediaQuery.swift */,
			);
			path = Wikipedia;
			sourceTree = "<group>";
		};
/* End PBXGroup section */

/* Begin PBXNativeTarget section */
		04A4862E2280368000490805 /* ChemistryShared */ = {
			isa = PBXNativeTarget;
			buildConfigurationList = 04A486332280368000490805 /* Build configuration list for PBXNativeTarget "ChemistryShared" */;
			buildPhases = (
				04A4862B2280368000490805 /* Sources */,
				04A4862C2280368000490805 /* Frameworks */,
				04A4862D2280368000490805 /* CopyFiles */,
			);
			buildRules = (
			);
			dependencies = (
			);
			name = ChemistryShared;
			productName = ChemistryShared;
			productReference = 04A4862F2280368000490805 /* libChemistryShared.a */;
			productType = "com.apple.product-type.library.static";
		};
/* End PBXNativeTarget section */

/* Begin PBXProject section */
		04A485E52280340700490805 /* Project object */ = {
			isa = PBXProject;
			attributes = {
				LastSwiftUpdateCheck = 1020;
				LastUpgradeCheck = 1020;
				ORGANIZATIONNAME = "Pavel Kasila";
				TargetAttributes = {
					04A4862E2280368000490805 = {
						CreatedOnToolsVersion = 10.2.1;
					};
				};
			};
			buildConfigurationList = 04A485E82280340700490805 /* Build configuration list for PBXProject "Chemistry Shared" */;
			compatibilityVersion = "Xcode 9.3";
			developmentRegion = en;
			hasScannedForEncodings = 0;
			knownRegions = (
				en,
			);
			mainGroup = 04A485E42280340700490805;
			productRefGroup = 04A485E42280340700490805;
			projectDirPath = "";
			projectRoot = "";
			targets = (
				04A4862E2280368000490805 /* ChemistryShared */,
			);
		};
/* End PBXProject section */

/* Begin PBXSourcesBuildPhase section */
		04A4862B2280368000490805 /* Sources */ = {
			isa = PBXSourcesBuildPhase;
			buildActionMask = 2147483647;
			files = (
				04A486322280368000490805 /* ChemistryShared.swift in Sources */,
				0425A4952289A38B008E715D /* PackagerUtils.swift in Sources */,
				04A714752284A76F008F1637 /* PackSource.swift in Sources */,
				04A4864D228036BD00490805 /* String.swift in Sources */,
				04A4864C228036BD00490805 /* ToNode.swift in Sources */,
				04A714792284A7E5008F1637 /* PackDelegate.swift in Sources */,
				04298DA322831850009D358D /* Structures.swift in Sources */,
				045799CE2280B47D00A76059 /* Atoms.swift in Sources */,
				04F03794229AC7E50034202F /* WikipediaQuery.swift in Sources */,
			);
			runOnlyForDeploymentPostprocessing = 0;
		};
/* End PBXSourcesBuildPhase section */

/* Begin XCBuildConfiguration section */
		04A485E92280340700490805 /* Debug */ = {
			isa = XCBuildConfiguration;
			buildSettings = {
			};
			name = Debug;
		};
		04A485EA2280340700490805 /* Release */ = {
			isa = XCBuildConfiguration;
			buildSettings = {
			};
			name = Release;
		};
		04A486342280368000490805 /* Debug */ = {
			isa = XCBuildConfiguration;
			buildSettings = {
				ALWAYS_SEARCH_USER_PATHS = NO;
				CLANG_ANALYZER_NONNULL = YES;
				CLANG_ANALYZER_NUMBER_OBJECT_CONVERSION = YES_AGGRESSIVE;
				CLANG_CXX_LANGUAGE_STANDARD = "gnu++14";
				CLANG_CXX_LIBRARY = "libc++";
				CLANG_ENABLE_MODULES = YES;
				CLANG_ENABLE_OBJC_ARC = YES;
				CLANG_ENABLE_OBJC_WEAK = YES;
				CLANG_WARN_BLOCK_CAPTURE_AUTORELEASING = YES;
				CLANG_WARN_BOOL_CONVERSION = YES;
				CLANG_WARN_COMMA = YES;
				CLANG_WARN_CONSTANT_CONVERSION = YES;
				CLANG_WARN_DEPRECATED_OBJC_IMPLEMENTATIONS = YES;
				CLANG_WARN_DIRECT_OBJC_ISA_USAGE = YES_ERROR;
				CLANG_WARN_DOCUMENTATION_COMMENTS = YES;
				CLANG_WARN_EMPTY_BODY = YES;
				CLANG_WARN_ENUM_CONVERSION = YES;
				CLANG_WARN_INFINITE_RECURSION = YES;
				CLANG_WARN_INT_CONVERSION = YES;
				CLANG_WARN_NON_LITERAL_NULL_CONVERSION = YES;
				CLANG_WARN_OBJC_IMPLICIT_RETAIN_SELF = YES;
				CLANG_WARN_OBJC_LITERAL_CONVERSION = YES;
				CLANG_WARN_OBJC_ROOT_CLASS = YES_ERROR;
				CLANG_WARN_RANGE_LOOP_ANALYSIS = YES;
				CLANG_WARN_STRICT_PROTOTYPES = YES;
				CLANG_WARN_SUSPICIOUS_MOVE = YES;
				CLANG_WARN_UNGUARDED_AVAILABILITY = YES_AGGRESSIVE;
				CLANG_WARN_UNREACHABLE_CODE = YES;
				CLANG_WARN__DUPLICATE_METHOD_MATCH = YES;
				CODE_SIGN_IDENTITY = "iPhone Developer";
				CODE_SIGN_STYLE = Automatic;
				COPY_PHASE_STRIP = NO;
				DEBUG_INFORMATION_FORMAT = dwarf;
				DEVELOPMENT_TEAM = 6M253KWXRJ;
				ENABLE_STRICT_OBJC_MSGSEND = YES;
				ENABLE_TESTABILITY = YES;
				GCC_C_LANGUAGE_STANDARD = gnu11;
				GCC_DYNAMIC_NO_PIC = NO;
				GCC_NO_COMMON_BLOCKS = YES;
				GCC_OPTIMIZATION_LEVEL = 0;
				GCC_PREPROCESSOR_DEFINITIONS = (
					"DEBUG=1",
					"$(inherited)",
				);
				GCC_WARN_64_TO_32_BIT_CONVERSION = YES;
				GCC_WARN_ABOUT_RETURN_TYPE = YES_ERROR;
				GCC_WARN_UNDECLARED_SELECTOR = YES;
				GCC_WARN_UNINITIALIZED_AUTOS = YES_AGGRESSIVE;
				GCC_WARN_UNUSED_FUNCTION = YES;
				GCC_WARN_UNUSED_VARIABLE = YES;
				IPHONEOS_DEPLOYMENT_TARGET = 12.0;
				MACOSX_DEPLOYMENT_TARGET = 10.14;
				MTL_ENABLE_DEBUG_INFO = INCLUDE_SOURCE;
				MTL_FAST_MATH = YES;
				ONLY_ACTIVE_ARCH = YES;
				OTHER_LDFLAGS = "-ObjC";
				PRODUCT_NAME = "$(TARGET_NAME)";
				SDKROOT = iphoneos;
				SKIP_INSTALL = YES;
				SUPPORTED_PLATFORMS = "iphonesimulator iphoneos macosx";
				SWIFT_ACTIVE_COMPILATION_CONDITIONS = DEBUG;
				SWIFT_OPTIMIZATION_LEVEL = "-Onone";
				SWIFT_VERSION = 5.0;
				TARGETED_DEVICE_FAMILY = "1,2";
				VALID_ARCHS = "arm64 arm64e armv7 armv7s x86_64 i386";
			};
			name = Debug;
		};
		04A486352280368000490805 /* Release */ = {
			isa = XCBuildConfiguration;
			buildSettings = {
				ALWAYS_SEARCH_USER_PATHS = NO;
				CLANG_ANALYZER_NONNULL = YES;
				CLANG_ANALYZER_NUMBER_OBJECT_CONVERSION = YES_AGGRESSIVE;
				CLANG_CXX_LANGUAGE_STANDARD = "gnu++14";
				CLANG_CXX_LIBRARY = "libc++";
				CLANG_ENABLE_MODULES = YES;
				CLANG_ENABLE_OBJC_ARC = YES;
				CLANG_ENABLE_OBJC_WEAK = YES;
				CLANG_WARN_BLOCK_CAPTURE_AUTORELEASING = YES;
				CLANG_WARN_BOOL_CONVERSION = YES;
				CLANG_WARN_COMMA = YES;
				CLANG_WARN_CONSTANT_CONVERSION = YES;
				CLANG_WARN_DEPRECATED_OBJC_IMPLEMENTATIONS = YES;
				CLANG_WARN_DIRECT_OBJC_ISA_USAGE = YES_ERROR;
				CLANG_WARN_DOCUMENTATION_COMMENTS = YES;
				CLANG_WARN_EMPTY_BODY = YES;
				CLANG_WARN_ENUM_CONVERSION = YES;
				CLANG_WARN_INFINITE_RECURSION = YES;
				CLANG_WARN_INT_CONVERSION = YES;
				CLANG_WARN_NON_LITERAL_NULL_CONVERSION = YES;
				CLANG_WARN_OBJC_IMPLICIT_RETAIN_SELF = YES;
				CLANG_WARN_OBJC_LITERAL_CONVERSION = YES;
				CLANG_WARN_OBJC_ROOT_CLASS = YES_ERROR;
				CLANG_WARN_RANGE_LOOP_ANALYSIS = YES;
				CLANG_WARN_STRICT_PROTOTYPES = YES;
				CLANG_WARN_SUSPICIOUS_MOVE = YES;
				CLANG_WARN_UNGUARDED_AVAILABILITY = YES_AGGRESSIVE;
				CLANG_WARN_UNREACHABLE_CODE = YES;
				CLANG_WARN__DUPLICATE_METHOD_MATCH = YES;
				CODE_SIGN_IDENTITY = "iPhone Developer";
				CODE_SIGN_STYLE = Automatic;
				COPY_PHASE_STRIP = NO;
				DEBUG_INFORMATION_FORMAT = "dwarf-with-dsym";
				DEVELOPMENT_TEAM = 6M253KWXRJ;
				ENABLE_NS_ASSERTIONS = NO;
				ENABLE_STRICT_OBJC_MSGSEND = YES;
				GCC_C_LANGUAGE_STANDARD = gnu11;
				GCC_NO_COMMON_BLOCKS = YES;
				GCC_WARN_64_TO_32_BIT_CONVERSION = YES;
				GCC_WARN_ABOUT_RETURN_TYPE = YES_ERROR;
				GCC_WARN_UNDECLARED_SELECTOR = YES;
				GCC_WARN_UNINITIALIZED_AUTOS = YES_AGGRESSIVE;
				GCC_WARN_UNUSED_FUNCTION = YES;
				GCC_WARN_UNUSED_VARIABLE = YES;
				IPHONEOS_DEPLOYMENT_TARGET = 12.0;
				MACOSX_DEPLOYMENT_TARGET = 10.14;
				MTL_ENABLE_DEBUG_INFO = NO;
				MTL_FAST_MATH = YES;
				OTHER_LDFLAGS = "-ObjC";
				PRODUCT_NAME = "$(TARGET_NAME)";
				SDKROOT = iphoneos;
				SKIP_INSTALL = YES;
				SUPPORTED_PLATFORMS = "iphonesimulator iphoneos macosx";
				SWIFT_COMPILATION_MODE = wholemodule;
				SWIFT_OPTIMIZATION_LEVEL = "-O";
				SWIFT_VERSION = 5.0;
				TARGETED_DEVICE_FAMILY = "1,2";
				VALIDATE_PRODUCT = YES;
				VALID_ARCHS = "arm64 arm64e armv7 armv7s x86_64 i386";
			};
			name = Release;
		};
/* End XCBuildConfiguration section */

/* Begin XCConfigurationList section */
		04A485E82280340700490805 /* Build configuration list for PBXProject "Chemistry Shared" */ = {
			isa = XCConfigurationList;
			buildConfigurations = (
				04A485E92280340700490805 /* Debug */,
				04A485EA2280340700490805 /* Release */,
			);
			defaultConfigurationIsVisible = 0;
			defaultConfigurationName = Release;
		};
		04A486332280368000490805 /* Build configuration list for PBXNativeTarget "ChemistryShared" */ = {
			isa = XCConfigurationList;
			buildConfigurations = (
				04A486342280368000490805 /* Debug */,
				04A486352280368000490805 /* Release */,
			);
			defaultConfigurationIsVisible = 0;
			defaultConfigurationName = Release;
		};
/* End XCConfigurationList section */
	};
	rootObject = 04A485E52280340700490805 /* Project object */;
}
