// !$*UTF8*$!
{
	archiveVersion = 1;
	classes = {
	};
	objectVersion = 50;
	objects = {

/* Begin PBXBuildFile section */
		041B5ED72282B73600A8B23C /* InfoPlist.strings in Resources */ = {isa = PBXBuildFile; fileRef = 041B5ED92282B73600A8B23C /* InfoPlist.strings */; };
		041FEA6A2288559E00914697 /* DatasetExportWindow.swift in Sources */ = {isa = PBXBuildFile; fileRef = 041FEA682288559E00914697 /* DatasetExportWindow.swift */; };
		041FEA6B2288559E00914697 /* DatasetExportWindow.xib in Resources */ = {isa = PBXBuildFile; fileRef = 041FEA692288559E00914697 /* DatasetExportWindow.xib */; };
		0429C2292288A1A100762D08 /* CollectionMoleculeItem.swift in Sources */ = {isa = PBXBuildFile; fileRef = 0429C2272288A1A100762D08 /* CollectionMoleculeItem.swift */; };
		0429C22A2288A1A100762D08 /* CollectionMoleculeItem.xib in Resources */ = {isa = PBXBuildFile; fileRef = 0429C2282288A1A100762D08 /* CollectionMoleculeItem.xib */; };
		0443A1862281C0430036DBBC /* CollectionAtomsViewController.swift in Sources */ = {isa = PBXBuildFile; fileRef = 0443A1852281C0430036DBBC /* CollectionAtomsViewController.swift */; };
		0443A1892281C8D90036DBBC /* CollectionViewItem.swift in Sources */ = {isa = PBXBuildFile; fileRef = 0443A1872281C8D90036DBBC /* CollectionViewItem.swift */; };
		0443A18A2281C8D90036DBBC /* CollectionViewItem.xib in Resources */ = {isa = PBXBuildFile; fileRef = 0443A1882281C8D90036DBBC /* CollectionViewItem.xib */; };
		0481CD4022802B58009F5830 /* AppDelegate.swift in Sources */ = {isa = PBXBuildFile; fileRef = 0481CD3F22802B58009F5830 /* AppDelegate.swift */; };
		0481CD4222802B58009F5830 /* ViewController.swift in Sources */ = {isa = PBXBuildFile; fileRef = 0481CD4122802B58009F5830 /* ViewController.swift */; };
		0481CD4422802B5A009F5830 /* Assets.xcassets in Resources */ = {isa = PBXBuildFile; fileRef = 0481CD4322802B5A009F5830 /* Assets.xcassets */; };
		0481CD4722802B5A009F5830 /* Main.storyboard in Resources */ = {isa = PBXBuildFile; fileRef = 0481CD4522802B5A009F5830 /* Main.storyboard */; };
		0481CD5322802B5A009F5830 /* Chemistry_macOSTests.swift in Sources */ = {isa = PBXBuildFile; fileRef = 0481CD5222802B5A009F5830 /* Chemistry_macOSTests.swift */; };
		0481CD5E22802B5A009F5830 /* Chemistry_macOSUITests.swift in Sources */ = {isa = PBXBuildFile; fileRef = 0481CD5D22802B5A009F5830 /* Chemistry_macOSUITests.swift */; };
		0498AA1F22916CDA00CCDBA7 /* MoleculesSplitViewController.swift in Sources */ = {isa = PBXBuildFile; fileRef = 0498AA1E22916CDA00CCDBA7 /* MoleculesSplitViewController.swift */; };
		0498AA2122916D2D00CCDBA7 /* DetailViewController.swift in Sources */ = {isa = PBXBuildFile; fileRef = 0498AA2022916D2D00CCDBA7 /* DetailViewController.swift */; };
		04A486392280369200490805 /* libChemistryShared.a in Frameworks */ = {isa = PBXBuildFile; fileRef = 04A486382280369200490805 /* libChemistryShared.a */; };
		04A4865622807F6D00490805 /* WindowController.swift in Sources */ = {isa = PBXBuildFile; fileRef = 04A4865522807F6D00490805 /* WindowController.swift */; };
		04ABC35D228729A100A6B154 /* MyPackSource.swift in Sources */ = {isa = PBXBuildFile; fileRef = 04ABC35C228729A100A6B154 /* MyPackSource.swift */; };
		04BF9FB3228454680027267C /* MoleculesLoadWindow.swift in Sources */ = {isa = PBXBuildFile; fileRef = 04BF9FB1228454680027267C /* MoleculesLoadWindow.swift */; };
		04BF9FB4228454680027267C /* MoleculesLoadWindow.xib in Resources */ = {isa = PBXBuildFile; fileRef = 04BF9FB2228454680027267C /* MoleculesLoadWindow.xib */; };
		04BF9FB72284558A0027267C /* CollectionMoleculesViewController.swift in Sources */ = {isa = PBXBuildFile; fileRef = 04BF9FB62284558A0027267C /* CollectionMoleculesViewController.swift */; };
		46ACCA47BA1EF89E3E4FFDE1 /* libPods-Chemistry.a in Frameworks */ = {isa = PBXBuildFile; fileRef = F16C990174709E5663C57C68 /* libPods-Chemistry.a */; };
/* End PBXBuildFile section */

/* Begin PBXContainerItemProxy section */
		0481CD4F22802B5A009F5830 /* PBXContainerItemProxy */ = {
			isa = PBXContainerItemProxy;
			containerPortal = 0481CD3422802B58009F5830 /* Project object */;
			proxyType = 1;
			remoteGlobalIDString = 0481CD3B22802B58009F5830;
			remoteInfo = "Chemistry macOS";
		};
		0481CD5A22802B5A009F5830 /* PBXContainerItemProxy */ = {
			isa = PBXContainerItemProxy;
			containerPortal = 0481CD3422802B58009F5830 /* Project object */;
			proxyType = 1;
			remoteGlobalIDString = 0481CD3B22802B58009F5830;
			remoteInfo = "Chemistry macOS";
		};
/* End PBXContainerItemProxy section */

/* Begin PBXFileReference section */
		041B5ED42282B70D00A8B23C /* ru */ = {isa = PBXFileReference; lastKnownFileType = text.plist.strings; name = ru; path = ru.lproj/Main.strings; sourceTree = "<group>"; };
		041B5ED82282B73600A8B23C /* ru */ = {isa = PBXFileReference; lastKnownFileType = text.plist.strings; name = ru; path = ru.lproj/InfoPlist.strings; sourceTree = "<group>"; };
		041B5EDA2282B73A00A8B23C /* en */ = {isa = PBXFileReference; lastKnownFileType = text.plist.strings; name = en; path = en.lproj/InfoPlist.strings; sourceTree = "<group>"; };
		041B5EDB2282B7EE00A8B23C /* be */ = {isa = PBXFileReference; lastKnownFileType = text.plist.strings; name = be; path = be.lproj/Main.strings; sourceTree = "<group>"; };
		041B5EDC2282B7EE00A8B23C /* be */ = {isa = PBXFileReference; lastKnownFileType = text.plist.strings; name = be; path = be.lproj/InfoPlist.strings; sourceTree = "<group>"; };
		041FEA682288559E00914697 /* DatasetExportWindow.swift */ = {isa = PBXFileReference; lastKnownFileType = sourcecode.swift; path = DatasetExportWindow.swift; sourceTree = "<group>"; };
		041FEA692288559E00914697 /* DatasetExportWindow.xib */ = {isa = PBXFileReference; lastKnownFileType = file.xib; path = DatasetExportWindow.xib; sourceTree = "<group>"; };
		0429C2272288A1A100762D08 /* CollectionMoleculeItem.swift */ = {isa = PBXFileReference; lastKnownFileType = sourcecode.swift; path = CollectionMoleculeItem.swift; sourceTree = "<group>"; };
		0429C2282288A1A100762D08 /* CollectionMoleculeItem.xib */ = {isa = PBXFileReference; lastKnownFileType = file.xib; path = CollectionMoleculeItem.xib; sourceTree = "<group>"; };
		0443A1852281C0430036DBBC /* CollectionAtomsViewController.swift */ = {isa = PBXFileReference; lastKnownFileType = sourcecode.swift; path = CollectionAtomsViewController.swift; sourceTree = "<group>"; };
		0443A1872281C8D90036DBBC /* CollectionViewItem.swift */ = {isa = PBXFileReference; lastKnownFileType = sourcecode.swift; path = CollectionViewItem.swift; sourceTree = "<group>"; };
		0443A1882281C8D90036DBBC /* CollectionViewItem.xib */ = {isa = PBXFileReference; lastKnownFileType = file.xib; path = CollectionViewItem.xib; sourceTree = "<group>"; };
		0481CD3C22802B58009F5830 /* Chemistry.app */ = {isa = PBXFileReference; explicitFileType = wrapper.application; includeInIndex = 0; path = Chemistry.app; sourceTree = BUILT_PRODUCTS_DIR; };
		0481CD3F22802B58009F5830 /* AppDelegate.swift */ = {isa = PBXFileReference; lastKnownFileType = sourcecode.swift; path = AppDelegate.swift; sourceTree = "<group>"; };
		0481CD4122802B58009F5830 /* ViewController.swift */ = {isa = PBXFileReference; lastKnownFileType = sourcecode.swift; path = ViewController.swift; sourceTree = "<group>"; };
		0481CD4322802B5A009F5830 /* Assets.xcassets */ = {isa = PBXFileReference; lastKnownFileType = folder.assetcatalog; path = Assets.xcassets; sourceTree = "<group>"; };
		0481CD4622802B5A009F5830 /* Base */ = {isa = PBXFileReference; lastKnownFileType = file.storyboard; name = Base; path = Base.lproj/Main.storyboard; sourceTree = "<group>"; };
		0481CD4822802B5A009F5830 /* Info.plist */ = {isa = PBXFileReference; lastKnownFileType = text.plist.xml; path = Info.plist; sourceTree = "<group>"; };
		0481CD4922802B5A009F5830 /* Chemistry_macOS.entitlements */ = {isa = PBXFileReference; lastKnownFileType = text.plist.entitlements; path = Chemistry_macOS.entitlements; sourceTree = "<group>"; };
		0481CD4E22802B5A009F5830 /* ChemistryTests.xctest */ = {isa = PBXFileReference; explicitFileType = wrapper.cfbundle; includeInIndex = 0; path = ChemistryTests.xctest; sourceTree = BUILT_PRODUCTS_DIR; };
		0481CD5222802B5A009F5830 /* Chemistry_macOSTests.swift */ = {isa = PBXFileReference; lastKnownFileType = sourcecode.swift; path = Chemistry_macOSTests.swift; sourceTree = "<group>"; };
		0481CD5422802B5A009F5830 /* Info.plist */ = {isa = PBXFileReference; lastKnownFileType = text.plist.xml; path = Info.plist; sourceTree = "<group>"; };
		0481CD5922802B5A009F5830 /* ChemistryUITests.xctest */ = {isa = PBXFileReference; explicitFileType = wrapper.cfbundle; includeInIndex = 0; path = ChemistryUITests.xctest; sourceTree = BUILT_PRODUCTS_DIR; };
		0481CD5D22802B5A009F5830 /* Chemistry_macOSUITests.swift */ = {isa = PBXFileReference; lastKnownFileType = sourcecode.swift; path = Chemistry_macOSUITests.swift; sourceTree = "<group>"; };
		0481CD5F22802B5A009F5830 /* Info.plist */ = {isa = PBXFileReference; lastKnownFileType = text.plist.xml; path = Info.plist; sourceTree = "<group>"; };
		0498AA1E22916CDA00CCDBA7 /* MoleculesSplitViewController.swift */ = {isa = PBXFileReference; lastKnownFileType = sourcecode.swift; path = MoleculesSplitViewController.swift; sourceTree = "<group>"; };
		0498AA2022916D2D00CCDBA7 /* DetailViewController.swift */ = {isa = PBXFileReference; lastKnownFileType = sourcecode.swift; path = DetailViewController.swift; sourceTree = "<group>"; };
		04A485E322802F5C00490805 /* Chemistry.entitlements */ = {isa = PBXFileReference; lastKnownFileType = text.plist.entitlements; path = Chemistry.entitlements; sourceTree = "<group>"; };
		04A486282280355300490805 /* ChemistryShared.framework */ = {isa = PBXFileReference; explicitFileType = wrapper.framework; path = ChemistryShared.framework; sourceTree = BUILT_PRODUCTS_DIR; };
		04A486382280369200490805 /* libChemistryShared.a */ = {isa = PBXFileReference; explicitFileType = archive.ar; path = libChemistryShared.a; sourceTree = BUILT_PRODUCTS_DIR; };
		04A4865522807F6D00490805 /* WindowController.swift */ = {isa = PBXFileReference; lastKnownFileType = sourcecode.swift; path = WindowController.swift; sourceTree = "<group>"; };
		04ABC35C228729A100A6B154 /* MyPackSource.swift */ = {isa = PBXFileReference; lastKnownFileType = sourcecode.swift; path = MyPackSource.swift; sourceTree = "<group>"; };
		04BF9FB1228454680027267C /* MoleculesLoadWindow.swift */ = {isa = PBXFileReference; lastKnownFileType = sourcecode.swift; path = MoleculesLoadWindow.swift; sourceTree = "<group>"; };
		04BF9FB2228454680027267C /* MoleculesLoadWindow.xib */ = {isa = PBXFileReference; lastKnownFileType = file.xib; path = MoleculesLoadWindow.xib; sourceTree = "<group>"; };
		04BF9FB62284558A0027267C /* CollectionMoleculesViewController.swift */ = {isa = PBXFileReference; lastKnownFileType = sourcecode.swift; path = CollectionMoleculesViewController.swift; sourceTree = "<group>"; };
		528030E0DDA4650256A5FDE5 /* Pods-Chemistry.release.xcconfig */ = {isa = PBXFileReference; includeInIndex = 1; lastKnownFileType = text.xcconfig; name = "Pods-Chemistry.release.xcconfig"; path = "Target Support Files/Pods-Chemistry/Pods-Chemistry.release.xcconfig"; sourceTree = "<group>"; };
		E1E3FF4DB1767F490EBAFF50 /* Pods-Chemistry.debug.xcconfig */ = {isa = PBXFileReference; includeInIndex = 1; lastKnownFileType = text.xcconfig; name = "Pods-Chemistry.debug.xcconfig"; path = "Target Support Files/Pods-Chemistry/Pods-Chemistry.debug.xcconfig"; sourceTree = "<group>"; };
		F16C990174709E5663C57C68 /* libPods-Chemistry.a */ = {isa = PBXFileReference; explicitFileType = archive.ar; includeInIndex = 0; path = "libPods-Chemistry.a"; sourceTree = BUILT_PRODUCTS_DIR; };
/* End PBXFileReference section */

/* Begin PBXFrameworksBuildPhase section */
		0481CD3922802B58009F5830 /* Frameworks */ = {
			isa = PBXFrameworksBuildPhase;
			buildActionMask = 2147483647;
			files = (
				04A486392280369200490805 /* libChemistryShared.a in Frameworks */,
				46ACCA47BA1EF89E3E4FFDE1 /* libPods-Chemistry.a in Frameworks */,
			);
			runOnlyForDeploymentPostprocessing = 0;
		};
		0481CD4B22802B5A009F5830 /* Frameworks */ = {
			isa = PBXFrameworksBuildPhase;
			buildActionMask = 2147483647;
			files = (
			);
			runOnlyForDeploymentPostprocessing = 0;
		};
		0481CD5622802B5A009F5830 /* Frameworks */ = {
			isa = PBXFrameworksBuildPhase;
			buildActionMask = 2147483647;
			files = (
			);
			runOnlyForDeploymentPostprocessing = 0;
		};
/* End PBXFrameworksBuildPhase section */

/* Begin PBXGroup section */
		0481CD3322802B58009F5830 = {
			isa = PBXGroup;
			children = (
				04ABC35A2287298E00A6B154 /* Pack */,
				04A485E322802F5C00490805 /* Chemistry.entitlements */,
				0481CD3E22802B58009F5830 /* Chemistry macOS */,
				0481CD5122802B5A009F5830 /* Chemistry macOSTests */,
				0481CD5C22802B5A009F5830 /* Chemistry macOSUITests */,
				0481CD3D22802B58009F5830 /* Products */,
				04A486272280355300490805 /* Frameworks */,
				7F8B0C829C477966633C7EBB /* Pods */,
			);
			sourceTree = "<group>";
		};
		0481CD3D22802B58009F5830 /* Products */ = {
			isa = PBXGroup;
			children = (
				0481CD3C22802B58009F5830 /* Chemistry.app */,
				0481CD4E22802B5A009F5830 /* ChemistryTests.xctest */,
				0481CD5922802B5A009F5830 /* ChemistryUITests.xctest */,
			);
			name = Products;
			sourceTree = "<group>";
		};
		0481CD3E22802B58009F5830 /* Chemistry macOS */ = {
			isa = PBXGroup;
			children = (
				0481CD3F22802B58009F5830 /* AppDelegate.swift */,
				0481CD4122802B58009F5830 /* ViewController.swift */,
				0481CD4322802B5A009F5830 /* Assets.xcassets */,
				0481CD4522802B5A009F5830 /* Main.storyboard */,
				0481CD4822802B5A009F5830 /* Info.plist */,
				0481CD4922802B5A009F5830 /* Chemistry_macOS.entitlements */,
				04A4865522807F6D00490805 /* WindowController.swift */,
				04BF9FB62284558A0027267C /* CollectionMoleculesViewController.swift */,
				0443A1852281C0430036DBBC /* CollectionAtomsViewController.swift */,
				0443A1872281C8D90036DBBC /* CollectionViewItem.swift */,
				0443A1882281C8D90036DBBC /* CollectionViewItem.xib */,
				041B5ED92282B73600A8B23C /* InfoPlist.strings */,
				04BF9FB1228454680027267C /* MoleculesLoadWindow.swift */,
				04BF9FB2228454680027267C /* MoleculesLoadWindow.xib */,
				041FEA682288559E00914697 /* DatasetExportWindow.swift */,
				041FEA692288559E00914697 /* DatasetExportWindow.xib */,
				0429C2272288A1A100762D08 /* CollectionMoleculeItem.swift */,
				0429C2282288A1A100762D08 /* CollectionMoleculeItem.xib */,
				0498AA1E22916CDA00CCDBA7 /* MoleculesSplitViewController.swift */,
				0498AA2022916D2D00CCDBA7 /* DetailViewController.swift */,
			);
			path = "Chemistry macOS";
			sourceTree = "<group>";
		};
		0481CD5122802B5A009F5830 /* Chemistry macOSTests */ = {
			isa = PBXGroup;
			children = (
				0481CD5222802B5A009F5830 /* Chemistry_macOSTests.swift */,
				0481CD5422802B5A009F5830 /* Info.plist */,
			);
			path = "Chemistry macOSTests";
			sourceTree = "<group>";
		};
		0481CD5C22802B5A009F5830 /* Chemistry macOSUITests */ = {
			isa = PBXGroup;
			children = (
				0481CD5D22802B5A009F5830 /* Chemistry_macOSUITests.swift */,
				0481CD5F22802B5A009F5830 /* Info.plist */,
			);
			path = "Chemistry macOSUITests";
			sourceTree = "<group>";
		};
		04A486272280355300490805 /* Frameworks */ = {
			isa = PBXGroup;
			children = (
				04A486382280369200490805 /* libChemistryShared.a */,
				04A486282280355300490805 /* ChemistryShared.framework */,
				F16C990174709E5663C57C68 /* libPods-Chemistry.a */,
			);
			name = Frameworks;
			sourceTree = "<group>";
		};
		04ABC35A2287298E00A6B154 /* Pack */ = {
			isa = PBXGroup;
			children = (
				04ABC35C228729A100A6B154 /* MyPackSource.swift */,
			);
			path = Pack;
			sourceTree = "<group>";
		};
		7F8B0C829C477966633C7EBB /* Pods */ = {
			isa = PBXGroup;
			children = (
				E1E3FF4DB1767F490EBAFF50 /* Pods-Chemistry.debug.xcconfig */,
				528030E0DDA4650256A5FDE5 /* Pods-Chemistry.release.xcconfig */,
			);
			name = Pods;
			path = ../Pods;
			sourceTree = "<group>";
		};
/* End PBXGroup section */

/* Begin PBXNativeTarget section */
		0481CD3B22802B58009F5830 /* Chemistry */ = {
			isa = PBXNativeTarget;
			buildConfigurationList = 0481CD6222802B5A009F5830 /* Build configuration list for PBXNativeTarget "Chemistry" */;
			buildPhases = (
				797C705FAF01C2509F92AB44 /* [CP] Check Pods Manifest.lock */,
				0481CD3822802B58009F5830 /* Sources */,
				0481CD3922802B58009F5830 /* Frameworks */,
				0481CD3A22802B58009F5830 /* Resources */,
			);
			buildRules = (
			);
			dependencies = (
			);
			name = Chemistry;
			productName = "Chemistry macOS";
			productReference = 0481CD3C22802B58009F5830 /* Chemistry.app */;
			productType = "com.apple.product-type.application";
		};
		0481CD4D22802B5A009F5830 /* ChemistryTests */ = {
			isa = PBXNativeTarget;
			buildConfigurationList = 0481CD6522802B5A009F5830 /* Build configuration list for PBXNativeTarget "ChemistryTests" */;
			buildPhases = (
				0481CD4A22802B5A009F5830 /* Sources */,
				0481CD4B22802B5A009F5830 /* Frameworks */,
				0481CD4C22802B5A009F5830 /* Resources */,
			);
			buildRules = (
			);
			dependencies = (
				0481CD5022802B5A009F5830 /* PBXTargetDependency */,
			);
			name = ChemistryTests;
			productName = "Chemistry macOSTests";
			productReference = 0481CD4E22802B5A009F5830 /* ChemistryTests.xctest */;
			productType = "com.apple.product-type.bundle.unit-test";
		};
		0481CD5822802B5A009F5830 /* ChemistryUITests */ = {
			isa = PBXNativeTarget;
			buildConfigurationList = 0481CD6822802B5A009F5830 /* Build configuration list for PBXNativeTarget "ChemistryUITests" */;
			buildPhases = (
				0481CD5522802B5A009F5830 /* Sources */,
				0481CD5622802B5A009F5830 /* Frameworks */,
				0481CD5722802B5A009F5830 /* Resources */,
			);
			buildRules = (
			);
			dependencies = (
				0481CD5B22802B5A009F5830 /* PBXTargetDependency */,
			);
			name = ChemistryUITests;
			productName = "Chemistry macOSUITests";
			productReference = 0481CD5922802B5A009F5830 /* ChemistryUITests.xctest */;
			productType = "com.apple.product-type.bundle.ui-testing";
		};
/* End PBXNativeTarget section */

/* Begin PBXProject section */
		0481CD3422802B58009F5830 /* Project object */ = {
			isa = PBXProject;
			attributes = {
				LastSwiftUpdateCheck = 1020;
				LastUpgradeCheck = 1020;
				ORGANIZATIONNAME = "Pavel Kasila";
				TargetAttributes = {
					0481CD3B22802B58009F5830 = {
						CreatedOnToolsVersion = 10.2.1;
						SystemCapabilities = {
							com.apple.HardenedRuntime = {
								enabled = 0;
							};
							com.apple.InAppPurchase = {
								enabled = 0;
							};
							com.apple.Sandbox = {
								enabled = 0;
							};
						};
					};
					0481CD4D22802B5A009F5830 = {
						CreatedOnToolsVersion = 10.2.1;
						TestTargetID = 0481CD3B22802B58009F5830;
					};
					0481CD5822802B5A009F5830 = {
						CreatedOnToolsVersion = 10.2.1;
						TestTargetID = 0481CD3B22802B58009F5830;
					};
				};
			};
			buildConfigurationList = 0481CD3722802B58009F5830 /* Build configuration list for PBXProject "Chemistry macOS" */;
			compatibilityVersion = "Xcode 9.3";
			developmentRegion = en;
			hasScannedForEncodings = 0;
			knownRegions = (
				en,
				Base,
				ru,
				be,
			);
			mainGroup = 0481CD3322802B58009F5830;
			productRefGroup = 0481CD3D22802B58009F5830 /* Products */;
			projectDirPath = "";
			projectRoot = "";
			targets = (
				0481CD3B22802B58009F5830 /* Chemistry */,
				0481CD4D22802B5A009F5830 /* ChemistryTests */,
				0481CD5822802B5A009F5830 /* ChemistryUITests */,
			);
		};
/* End PBXProject section */

/* Begin PBXResourcesBuildPhase section */
		0481CD3A22802B58009F5830 /* Resources */ = {
			isa = PBXResourcesBuildPhase;
			buildActionMask = 2147483647;
			files = (
				0481CD4422802B5A009F5830 /* Assets.xcassets in Resources */,
				041B5ED72282B73600A8B23C /* InfoPlist.strings in Resources */,
				04BF9FB4228454680027267C /* MoleculesLoadWindow.xib in Resources */,
				0481CD4722802B5A009F5830 /* Main.storyboard in Resources */,
				041FEA6B2288559E00914697 /* DatasetExportWindow.xib in Resources */,
				0443A18A2281C8D90036DBBC /* CollectionViewItem.xib in Resources */,
				0429C22A2288A1A100762D08 /* CollectionMoleculeItem.xib in Resources */,
			);
			runOnlyForDeploymentPostprocessing = 0;
		};
		0481CD4C22802B5A009F5830 /* Resources */ = {
			isa = PBXResourcesBuildPhase;
			buildActionMask = 2147483647;
			files = (
			);
			runOnlyForDeploymentPostprocessing = 0;
		};
		0481CD5722802B5A009F5830 /* Resources */ = {
			isa = PBXResourcesBuildPhase;
			buildActionMask = 2147483647;
			files = (
			);
			runOnlyForDeploymentPostprocessing = 0;
		};
/* End PBXResourcesBuildPhase section */

/* Begin PBXShellScriptBuildPhase section */
		797C705FAF01C2509F92AB44 /* [CP] Check Pods Manifest.lock */ = {
			isa = PBXShellScriptBuildPhase;
			buildActionMask = 2147483647;
			files = (
			);
			inputFileListPaths = (
			);
			inputPaths = (
				"${PODS_PODFILE_DIR_PATH}/Podfile.lock",
				"${PODS_ROOT}/Manifest.lock",
			);
			name = "[CP] Check Pods Manifest.lock";
			outputFileListPaths = (
			);
			outputPaths = (
				"$(DERIVED_FILE_DIR)/Pods-Chemistry-checkManifestLockResult.txt",
			);
			runOnlyForDeploymentPostprocessing = 0;
			shellPath = /bin/sh;
			shellScript = "diff \"${PODS_PODFILE_DIR_PATH}/Podfile.lock\" \"${PODS_ROOT}/Manifest.lock\" > /dev/null\nif [ $? != 0 ] ; then\n    # print error to STDERR\n    echo \"error: The sandbox is not in sync with the Podfile.lock. Run 'pod install' or update your CocoaPods installation.\" >&2\n    exit 1\nfi\n# This output is used by Xcode 'outputs' to avoid re-running this script phase.\necho \"SUCCESS\" > \"${SCRIPT_OUTPUT_FILE_0}\"\n";
			showEnvVarsInLog = 0;
		};
/* End PBXShellScriptBuildPhase section */

/* Begin PBXSourcesBuildPhase section */
		0481CD3822802B58009F5830 /* Sources */ = {
			isa = PBXSourcesBuildPhase;
			buildActionMask = 2147483647;
			files = (
				04BF9FB72284558A0027267C /* CollectionMoleculesViewController.swift in Sources */,
				04A4865622807F6D00490805 /* WindowController.swift in Sources */,
				04BF9FB3228454680027267C /* MoleculesLoadWindow.swift in Sources */,
				0498AA2122916D2D00CCDBA7 /* DetailViewController.swift in Sources */,
				04ABC35D228729A100A6B154 /* MyPackSource.swift in Sources */,
				041FEA6A2288559E00914697 /* DatasetExportWindow.swift in Sources */,
				0481CD4222802B58009F5830 /* ViewController.swift in Sources */,
				0481CD4022802B58009F5830 /* AppDelegate.swift in Sources */,
				0429C2292288A1A100762D08 /* CollectionMoleculeItem.swift in Sources */,
				0443A1892281C8D90036DBBC /* CollectionViewItem.swift in Sources */,
				0443A1862281C0430036DBBC /* CollectionAtomsViewController.swift in Sources */,
				0498AA1F22916CDA00CCDBA7 /* MoleculesSplitViewController.swift in Sources */,
			);
			runOnlyForDeploymentPostprocessing = 0;
		};
		0481CD4A22802B5A009F5830 /* Sources */ = {
			isa = PBXSourcesBuildPhase;
			buildActionMask = 2147483647;
			files = (
				0481CD5322802B5A009F5830 /* Chemistry_macOSTests.swift in Sources */,
			);
			runOnlyForDeploymentPostprocessing = 0;
		};
		0481CD5522802B5A009F5830 /* Sources */ = {
			isa = PBXSourcesBuildPhase;
			buildActionMask = 2147483647;
			files = (
				0481CD5E22802B5A009F5830 /* Chemistry_macOSUITests.swift in Sources */,
			);
			runOnlyForDeploymentPostprocessing = 0;
		};
/* End PBXSourcesBuildPhase section */

/* Begin PBXTargetDependency section */
		0481CD5022802B5A009F5830 /* PBXTargetDependency */ = {
			isa = PBXTargetDependency;
			target = 0481CD3B22802B58009F5830 /* Chemistry */;
			targetProxy = 0481CD4F22802B5A009F5830 /* PBXContainerItemProxy */;
		};
		0481CD5B22802B5A009F5830 /* PBXTargetDependency */ = {
			isa = PBXTargetDependency;
			target = 0481CD3B22802B58009F5830 /* Chemistry */;
			targetProxy = 0481CD5A22802B5A009F5830 /* PBXContainerItemProxy */;
		};
/* End PBXTargetDependency section */

/* Begin PBXVariantGroup section */
		041B5ED92282B73600A8B23C /* InfoPlist.strings */ = {
			isa = PBXVariantGroup;
			children = (
				041B5ED82282B73600A8B23C /* ru */,
				041B5EDA2282B73A00A8B23C /* en */,
				041B5EDC2282B7EE00A8B23C /* be */,
			);
			name = InfoPlist.strings;
			sourceTree = "<group>";
		};
		0481CD4522802B5A009F5830 /* Main.storyboard */ = {
			isa = PBXVariantGroup;
			children = (
				0481CD4622802B5A009F5830 /* Base */,
				041B5ED42282B70D00A8B23C /* ru */,
				041B5EDB2282B7EE00A8B23C /* be */,
			);
			name = Main.storyboard;
			sourceTree = "<group>";
		};
/* End PBXVariantGroup section */

/* Begin XCBuildConfiguration section */
		0481CD6022802B5A009F5830 /* Debug */ = {
			isa = XCBuildConfiguration;
			buildSettings = {
				ALWAYS_SEARCH_USER_PATHS = NO;
				CLANG_ANALYZER_LOCALIZABILITY_NONLOCALIZED = YES;
				CLANG_ANALYZER_NONNULL = YES;
				CLANG_ANALYZER_NUMBER_OBJECT_CONVERSION = YES_AGGRESSIVE;
				CLANG_CXX_LANGUAGE_STANDARD = "gnu++14";
				CLANG_CXX_LIBRARY = "libc++";
				CLANG_ENABLE_MODULES = YES;
				CLANG_ENABLE_OBJC_ARC = YES;
				CLANG_ENABLE_OBJC_WEAK = YES;
				CLANG_WARN_BLOCK_CAPTURE_AUTORELEASING = YES;
				CLANG_WARN_BOOL_CONVERSION = YES;
				CLANG_WARN_COMMA = YES;
				CLANG_WARN_CONSTANT_CONVERSION = YES;
				CLANG_WARN_DEPRECATED_OBJC_IMPLEMENTATIONS = YES;
				CLANG_WARN_DIRECT_OBJC_ISA_USAGE = YES_ERROR;
				CLANG_WARN_DOCUMENTATION_COMMENTS = YES;
				CLANG_WARN_EMPTY_BODY = YES;
				CLANG_WARN_ENUM_CONVERSION = YES;
				CLANG_WARN_INFINITE_RECURSION = YES;
				CLANG_WARN_INT_CONVERSION = YES;
				CLANG_WARN_NON_LITERAL_NULL_CONVERSION = YES;
				CLANG_WARN_OBJC_IMPLICIT_RETAIN_SELF = YES;
				CLANG_WARN_OBJC_LITERAL_CONVERSION = YES;
				CLANG_WARN_OBJC_ROOT_CLASS = YES_ERROR;
				CLANG_WARN_RANGE_LOOP_ANALYSIS = YES;
				CLANG_WARN_STRICT_PROTOTYPES = YES;
				CLANG_WARN_SUSPICIOUS_MOVE = YES;
				CLANG_WARN_UNGUARDED_AVAILABILITY = YES_AGGRESSIVE;
				CLANG_WARN_UNREACHABLE_CODE = YES;
				CLANG_WARN__DUPLICATE_METHOD_MATCH = YES;
				CODE_SIGN_IDENTITY = "Mac Developer";
				COPY_PHASE_STRIP = NO;
				DEBUG_INFORMATION_FORMAT = dwarf;
				ENABLE_STRICT_OBJC_MSGSEND = YES;
				ENABLE_TESTABILITY = YES;
				GCC_C_LANGUAGE_STANDARD = gnu11;
				GCC_DYNAMIC_NO_PIC = NO;
				GCC_NO_COMMON_BLOCKS = YES;
				GCC_OPTIMIZATION_LEVEL = 0;
				GCC_PREPROCESSOR_DEFINITIONS = (
					"DEBUG=1",
					"$(inherited)",
				);
				GCC_WARN_64_TO_32_BIT_CONVERSION = YES;
				GCC_WARN_ABOUT_RETURN_TYPE = YES_ERROR;
				GCC_WARN_UNDECLARED_SELECTOR = YES;
				GCC_WARN_UNINITIALIZED_AUTOS = YES_AGGRESSIVE;
				GCC_WARN_UNUSED_FUNCTION = YES;
				GCC_WARN_UNUSED_VARIABLE = YES;
				MACOSX_DEPLOYMENT_TARGET = 10.14;
				MTL_ENABLE_DEBUG_INFO = INCLUDE_SOURCE;
				MTL_FAST_MATH = YES;
				ONLY_ACTIVE_ARCH = YES;
				SDKROOT = macosx;
				SWIFT_ACTIVE_COMPILATION_CONDITIONS = DEBUG;
				SWIFT_OPTIMIZATION_LEVEL = "-Onone";
			};
			name = Debug;
		};
		0481CD6122802B5A009F5830 /* Release */ = {
			isa = XCBuildConfiguration;
			buildSettings = {
				ALWAYS_SEARCH_USER_PATHS = NO;
				CLANG_ANALYZER_LOCALIZABILITY_NONLOCALIZED = YES;
				CLANG_ANALYZER_NONNULL = YES;
				CLANG_ANALYZER_NUMBER_OBJECT_CONVERSION = YES_AGGRESSIVE;
				CLANG_CXX_LANGUAGE_STANDARD = "gnu++14";
				CLANG_CXX_LIBRARY = "libc++";
				CLANG_ENABLE_MODULES = YES;
				CLANG_ENABLE_OBJC_ARC = YES;
				CLANG_ENABLE_OBJC_WEAK = YES;
				CLANG_WARN_BLOCK_CAPTURE_AUTORELEASING = YES;
				CLANG_WARN_BOOL_CONVERSION = YES;
				CLANG_WARN_COMMA = YES;
				CLANG_WARN_CONSTANT_CONVERSION = YES;
				CLANG_WARN_DEPRECATED_OBJC_IMPLEMENTATIONS = YES;
				CLANG_WARN_DIRECT_OBJC_ISA_USAGE = YES_ERROR;
				CLANG_WARN_DOCUMENTATION_COMMENTS = YES;
				CLANG_WARN_EMPTY_BODY = YES;
				CLANG_WARN_ENUM_CONVERSION = YES;
				CLANG_WARN_INFINITE_RECURSION = YES;
				CLANG_WARN_INT_CONVERSION = YES;
				CLANG_WARN_NON_LITERAL_NULL_CONVERSION = YES;
				CLANG_WARN_OBJC_IMPLICIT_RETAIN_SELF = YES;
				CLANG_WARN_OBJC_LITERAL_CONVERSION = YES;
				CLANG_WARN_OBJC_ROOT_CLASS = YES_ERROR;
				CLANG_WARN_RANGE_LOOP_ANALYSIS = YES;
				CLANG_WARN_STRICT_PROTOTYPES = YES;
				CLANG_WARN_SUSPICIOUS_MOVE = YES;
				CLANG_WARN_UNGUARDED_AVAILABILITY = YES_AGGRESSIVE;
				CLANG_WARN_UNREACHABLE_CODE = YES;
				CLANG_WARN__DUPLICATE_METHOD_MATCH = YES;
				CODE_SIGN_IDENTITY = "Mac Developer";
				COPY_PHASE_STRIP = NO;
				DEBUG_INFORMATION_FORMAT = "dwarf-with-dsym";
				ENABLE_NS_ASSERTIONS = NO;
				ENABLE_STRICT_OBJC_MSGSEND = YES;
				GCC_C_LANGUAGE_STANDARD = gnu11;
				GCC_NO_COMMON_BLOCKS = YES;
				GCC_WARN_64_TO_32_BIT_CONVERSION = YES;
				GCC_WARN_ABOUT_RETURN_TYPE = YES_ERROR;
				GCC_WARN_UNDECLARED_SELECTOR = YES;
				GCC_WARN_UNINITIALIZED_AUTOS = YES_AGGRESSIVE;
				GCC_WARN_UNUSED_FUNCTION = YES;
				GCC_WARN_UNUSED_VARIABLE = YES;
				MACOSX_DEPLOYMENT_TARGET = 10.14;
				MTL_ENABLE_DEBUG_INFO = NO;
				MTL_FAST_MATH = YES;
				SDKROOT = macosx;
				SWIFT_COMPILATION_MODE = wholemodule;
				SWIFT_OPTIMIZATION_LEVEL = "-O";
			};
			name = Release;
		};
		0481CD6322802B5A009F5830 /* Debug */ = {
			isa = XCBuildConfiguration;
			baseConfigurationReference = E1E3FF4DB1767F490EBAFF50 /* Pods-Chemistry.debug.xcconfig */;
			buildSettings = {
				ASSETCATALOG_COMPILER_APPICON_NAME = AppIcon;
				CODE_SIGN_STYLE = Automatic;
				COMBINE_HIDPI_IMAGES = YES;
				DEVELOPMENT_TEAM = 6M253KWXRJ;
				INFOPLIST_FILE = "Chemistry macOS/Info.plist";
				LD_RUNPATH_SEARCH_PATHS = (
					"$(inherited)",
					"@executable_path/../Frameworks",
				);
				MACOSX_DEPLOYMENT_TARGET = 10.14;
				PRODUCT_BUNDLE_IDENTIFIER = "me.pkosilo.Chemistry-macOS";
				PRODUCT_NAME = "$(TARGET_NAME)";
				SWIFT_VERSION = 5.0;
			};
			name = Debug;
		};
		0481CD6422802B5A009F5830 /* Release */ = {
			isa = XCBuildConfiguration;
			baseConfigurationReference = 528030E0DDA4650256A5FDE5 /* Pods-Chemistry.release.xcconfig */;
			buildSettings = {
				ASSETCATALOG_COMPILER_APPICON_NAME = AppIcon;
				CODE_SIGN_STYLE = Automatic;
				COMBINE_HIDPI_IMAGES = YES;
				DEVELOPMENT_TEAM = 6M253KWXRJ;
				INFOPLIST_FILE = "Chemistry macOS/Info.plist";
				LD_RUNPATH_SEARCH_PATHS = (
					"$(inherited)",
					"@executable_path/../Frameworks",
				);
				MACOSX_DEPLOYMENT_TARGET = 10.14;
				PRODUCT_BUNDLE_IDENTIFIER = "me.pkosilo.Chemistry-macOS";
				PRODUCT_NAME = "$(TARGET_NAME)";
				SWIFT_VERSION = 5.0;
			};
			name = Release;
		};
		0481CD6622802B5A009F5830 /* Debug */ = {
			isa = XCBuildConfiguration;
			buildSettings = {
				ALWAYS_EMBED_SWIFT_STANDARD_LIBRARIES = YES;
				BUNDLE_LOADER = "$(TEST_HOST)";
				CODE_SIGN_STYLE = Automatic;
				COMBINE_HIDPI_IMAGES = YES;
				DEVELOPMENT_TEAM = 6M253KWXRJ;
				INFOPLIST_FILE = "Chemistry macOSTests/Info.plist";
				LD_RUNPATH_SEARCH_PATHS = (
					"$(inherited)",
					"@executable_path/../Frameworks",
					"@loader_path/../Frameworks",
				);
				PRODUCT_BUNDLE_IDENTIFIER = "me.pkosilo.Chemistry-macOSTests";
				PRODUCT_NAME = "$(TARGET_NAME)";
				SWIFT_VERSION = 5.0;
				TEST_HOST = "$(BUILT_PRODUCTS_DIR)/Chemistry.app/Contents/MacOS/Chemistry";
			};
			name = Debug;
		};
		0481CD6722802B5A009F5830 /* Release */ = {
			isa = XCBuildConfiguration;
			buildSettings = {
				ALWAYS_EMBED_SWIFT_STANDARD_LIBRARIES = YES;
				BUNDLE_LOADER = "$(TEST_HOST)";
				CODE_SIGN_STYLE = Automatic;
				COMBINE_HIDPI_IMAGES = YES;
				DEVELOPMENT_TEAM = 6M253KWXRJ;
				INFOPLIST_FILE = "Chemistry macOSTests/Info.plist";
				LD_RUNPATH_SEARCH_PATHS = (
					"$(inherited)",
					"@executable_path/../Frameworks",
					"@loader_path/../Frameworks",
				);
				PRODUCT_BUNDLE_IDENTIFIER = "me.pkosilo.Chemistry-macOSTests";
				PRODUCT_NAME = "$(TARGET_NAME)";
				SWIFT_VERSION = 5.0;
				TEST_HOST = "$(BUILT_PRODUCTS_DIR)/Chemistry.app/Contents/MacOS/Chemistry";
			};
			name = Release;
		};
		0481CD6922802B5A009F5830 /* Debug */ = {
			isa = XCBuildConfiguration;
			buildSettings = {
				ALWAYS_EMBED_SWIFT_STANDARD_LIBRARIES = YES;
				CODE_SIGN_STYLE = Automatic;
				COMBINE_HIDPI_IMAGES = YES;
				DEVELOPMENT_TEAM = 6M253KWXRJ;
				INFOPLIST_FILE = "Chemistry macOSUITests/Info.plist";
				LD_RUNPATH_SEARCH_PATHS = (
					"$(inherited)",
					"@executable_path/../Frameworks",
					"@loader_path/../Frameworks",
				);
				PRODUCT_BUNDLE_IDENTIFIER = "me.pkosilo.Chemistry-macOSUITests";
				PRODUCT_NAME = "$(TARGET_NAME)";
				SWIFT_VERSION = 5.0;
				TEST_TARGET_NAME = "Chemistry macOS";
			};
			name = Debug;
		};
		0481CD6A22802B5A009F5830 /* Release */ = {
			isa = XCBuildConfiguration;
			buildSettings = {
				ALWAYS_EMBED_SWIFT_STANDARD_LIBRARIES = YES;
				CODE_SIGN_STYLE = Automatic;
				COMBINE_HIDPI_IMAGES = YES;
				DEVELOPMENT_TEAM = 6M253KWXRJ;
				INFOPLIST_FILE = "Chemistry macOSUITests/Info.plist";
				LD_RUNPATH_SEARCH_PATHS = (
					"$(inherited)",
					"@executable_path/../Frameworks",
					"@loader_path/../Frameworks",
				);
				PRODUCT_BUNDLE_IDENTIFIER = "me.pkosilo.Chemistry-macOSUITests";
				PRODUCT_NAME = "$(TARGET_NAME)";
				SWIFT_VERSION = 5.0;
				TEST_TARGET_NAME = "Chemistry macOS";
			};
			name = Release;
		};
/* End XCBuildConfiguration section */

/* Begin XCConfigurationList section */
		0481CD3722802B58009F5830 /* Build configuration list for PBXProject "Chemistry macOS" */ = {
			isa = XCConfigurationList;
			buildConfigurations = (
				0481CD6022802B5A009F5830 /* Debug */,
				0481CD6122802B5A009F5830 /* Release */,
			);
			defaultConfigurationIsVisible = 0;
			defaultConfigurationName = Release;
		};
		0481CD6222802B5A009F5830 /* Build configuration list for PBXNativeTarget "Chemistry" */ = {
			isa = XCConfigurationList;
			buildConfigurations = (
				0481CD6322802B5A009F5830 /* Debug */,
				0481CD6422802B5A009F5830 /* Release */,
			);
			defaultConfigurationIsVisible = 0;
			defaultConfigurationName = Release;
		};
		0481CD6522802B5A009F5830 /* Build configuration list for PBXNativeTarget "ChemistryTests" */ = {
			isa = XCConfigurationList;
			buildConfigurations = (
				0481CD6622802B5A009F5830 /* Debug */,
				0481CD6722802B5A009F5830 /* Release */,
			);
			defaultConfigurationIsVisible = 0;
			defaultConfigurationName = Release;
		};
		0481CD6822802B5A009F5830 /* Build configuration list for PBXNativeTarget "ChemistryUITests" */ = {
			isa = XCConfigurationList;
			buildConfigurations = (
				0481CD6922802B5A009F5830 /* Debug */,
				0481CD6A22802B5A009F5830 /* Release */,
			);
			defaultConfigurationIsVisible = 0;
			defaultConfigurationName = Release;
		};
/* End XCConfigurationList section */
	};
	rootObject = 0481CD3422802B58009F5830 /* Project object */;
}
