// !$*UTF8*$!
{
	archiveVersion = 1;
	classes = {
	};
	objectVersion = 50;
	objects = {

/* Begin PBXBuildFile section */
		045F307F227EFDF100816C02 /* Localizable.strings in Resources */ = {isa = PBXBuildFile; fileRef = 045F3081227EFDF100816C02 /* Localizable.strings */; };
		04A486372280368B00490805 /* libChemistryShared.a in Frameworks */ = {isa = PBXBuildFile; fileRef = 04A486362280368B00490805 /* libChemistryShared.a */; };
		04F8DD0C227ED90500064781 /* ReactionCalculatorViewController.swift in Sources */ = {isa = PBXBuildFile; fileRef = 0458BD9F227DF85600FF26AD /* ReactionCalculatorViewController.swift */; };
		04F8DD0E227EE34100064781 /* MasterReactionViewController.swift in Sources */ = {isa = PBXBuildFile; fileRef = 04F8DD0D227EE34100064781 /* MasterReactionViewController.swift */; };
		04F8DD12227EE42700064781 /* InfoPlist.strings in Resources */ = {isa = PBXBuildFile; fileRef = 04F8DD14227EE42700064781 /* InfoPlist.strings */; };
		51C3253DF9AED4E71BDF3295 /* libPods-Chemistry-iOS.a in Frameworks */ = {isa = PBXBuildFile; fileRef = 9413192AA143D57BC1B8316B /* libPods-Chemistry-iOS.a */; };
		9238AE7D223E7A860022BA1E /* CustomTabBarController.swift in Sources */ = {isa = PBXBuildFile; fileRef = 9238AE7C223E7A860022BA1E /* CustomTabBarController.swift */; };
		9238AE7F223E900F0022BA1E /* MasterMoleculesViewController.swift in Sources */ = {isa = PBXBuildFile; fileRef = 9238AE7E223E900F0022BA1E /* MasterMoleculesViewController.swift */; };
		9238AE81223E96010022BA1E /* MasterAtomsViewController.swift in Sources */ = {isa = PBXBuildFile; fileRef = 9238AE80223E96010022BA1E /* MasterAtomsViewController.swift */; };
		9274DBDA217C8687007AF82A /* AppDelegate.swift in Sources */ = {isa = PBXBuildFile; fileRef = 9274DBD9217C8687007AF82A /* AppDelegate.swift */; };
		9274DBDE217C8687007AF82A /* DetailViewController.swift in Sources */ = {isa = PBXBuildFile; fileRef = 9274DBDD217C8687007AF82A /* DetailViewController.swift */; };
		9274DBE1217C8688007AF82A /* Main.storyboard in Resources */ = {isa = PBXBuildFile; fileRef = 9274DBDF217C8688007AF82A /* Main.storyboard */; };
		9274DBE3217C86D5007AF82A /* Assets.xcassets in Resources */ = {isa = PBXBuildFile; fileRef = 9274DBE2217C86D5007AF82A /* Assets.xcassets */; };
		9274DBE6217C86D5007AF82A /* LaunchScreen.storyboard in Resources */ = {isa = PBXBuildFile; fileRef = 9274DBE4217C86D5007AF82A /* LaunchScreen.storyboard */; };
		9274DBF1217C86D6007AF82A /* ChemistryTests.swift in Sources */ = {isa = PBXBuildFile; fileRef = 9274DBF0217C86D6007AF82A /* ChemistryTests.swift */; };
		9274DBFC217C86D6007AF82A /* ChemistryUITests.swift in Sources */ = {isa = PBXBuildFile; fileRef = 9274DBFB217C86D6007AF82A /* ChemistryUITests.swift */; };
		92D6F183223FD8F000C0F3A3 /* MasterNavigationController.swift in Sources */ = {isa = PBXBuildFile; fileRef = 92D6F182223FD8F000C0F3A3 /* MasterNavigationController.swift */; };
/* End PBXBuildFile section */

/* Begin PBXContainerItemProxy section */
		9274DBED217C86D6007AF82A /* PBXContainerItemProxy */ = {
			isa = PBXContainerItemProxy;
			containerPortal = 9274DBCE217C8683007AF82A /* Project object */;
			proxyType = 1;
			remoteGlobalIDString = 9274DBD5217C8685007AF82A;
			remoteInfo = Chemistry;
		};
		9274DBF8217C86D6007AF82A /* PBXContainerItemProxy */ = {
			isa = PBXContainerItemProxy;
			containerPortal = 9274DBCE217C8683007AF82A /* Project object */;
			proxyType = 1;
			remoteGlobalIDString = 9274DBD5217C8685007AF82A;
			remoteInfo = Chemistry;
		};
/* End PBXContainerItemProxy section */

/* Begin PBXFileReference section */
		0458BD9C227DEA1C00FF26AD /* ru */ = {isa = PBXFileReference; lastKnownFileType = text.plist.strings; name = ru; path = ru.lproj/Main.strings; sourceTree = "<group>"; };
		0458BD9F227DF85600FF26AD /* ReactionCalculatorViewController.swift */ = {isa = PBXFileReference; lastKnownFileType = sourcecode.swift; path = ReactionCalculatorViewController.swift; sourceTree = "<group>"; };
		045F3080227EFDF100816C02 /* en */ = {isa = PBXFileReference; lastKnownFileType = text.plist.strings; name = en; path = en.lproj/Localizable.strings; sourceTree = "<group>"; };
		045F3082227EFDF600816C02 /* ru */ = {isa = PBXFileReference; lastKnownFileType = text.plist.strings; name = ru; path = ru.lproj/Localizable.strings; sourceTree = "<group>"; };
		04A486252280354500490805 /* ChemistryShared.framework */ = {isa = PBXFileReference; explicitFileType = wrapper.framework; path = ChemistryShared.framework; sourceTree = BUILT_PRODUCTS_DIR; };
		04A486362280368B00490805 /* libChemistryShared.a */ = {isa = PBXFileReference; explicitFileType = archive.ar; path = libChemistryShared.a; sourceTree = BUILT_PRODUCTS_DIR; };
		04A4865222805B4100490805 /* Chemistry.entitlements */ = {isa = PBXFileReference; lastKnownFileType = text.plist.entitlements; path = Chemistry.entitlements; sourceTree = "<group>"; };
		04ED9251226F5A4B00994A8E /* ru */ = {isa = PBXFileReference; lastKnownFileType = file.storyboard; name = ru; path = ru.lproj/LaunchScreen.storyboard; sourceTree = "<group>"; };
		04ED925B226F5B3500994A8E /* Base */ = {isa = PBXFileReference; lastKnownFileType = file.storyboard; name = Base; path = Base.lproj/Main.storyboard; sourceTree = "<group>"; };
		04ED925C226F5B3500994A8E /* Base */ = {isa = PBXFileReference; lastKnownFileType = file.storyboard; name = Base; path = Base.lproj/LaunchScreen.storyboard; sourceTree = "<group>"; };
		04F8DD0D227EE34100064781 /* MasterReactionViewController.swift */ = {isa = PBXFileReference; lastKnownFileType = sourcecode.swift; path = MasterReactionViewController.swift; sourceTree = "<group>"; };
		04F8DD13227EE42700064781 /* en */ = {isa = PBXFileReference; lastKnownFileType = text.plist.strings; name = en; path = en.lproj/InfoPlist.strings; sourceTree = "<group>"; };
		04F8DD15227EE43100064781 /* ru */ = {isa = PBXFileReference; lastKnownFileType = text.plist.strings; name = ru; path = ru.lproj/InfoPlist.strings; sourceTree = "<group>"; };
		4B16FB72A6561BEC674FD8AF /* Pods-Chemistry-iOS.debug.xcconfig */ = {isa = PBXFileReference; includeInIndex = 1; lastKnownFileType = text.xcconfig; name = "Pods-Chemistry-iOS.debug.xcconfig"; path = "Target Support Files/Pods-Chemistry-iOS/Pods-Chemistry-iOS.debug.xcconfig"; sourceTree = "<group>"; };
		4D835E0665A1D46F9BBA56A6 /* Pods-Chemistry-iOS.release.xcconfig */ = {isa = PBXFileReference; includeInIndex = 1; lastKnownFileType = text.xcconfig; name = "Pods-Chemistry-iOS.release.xcconfig"; path = "Target Support Files/Pods-Chemistry-iOS/Pods-Chemistry-iOS.release.xcconfig"; sourceTree = "<group>"; };
		9238AE7C223E7A860022BA1E /* CustomTabBarController.swift */ = {isa = PBXFileReference; lastKnownFileType = sourcecode.swift; path = CustomTabBarController.swift; sourceTree = "<group>"; };
		9238AE7E223E900F0022BA1E /* MasterMoleculesViewController.swift */ = {isa = PBXFileReference; lastKnownFileType = sourcecode.swift; path = MasterMoleculesViewController.swift; sourceTree = "<group>"; };
		9238AE80223E96010022BA1E /* MasterAtomsViewController.swift */ = {isa = PBXFileReference; lastKnownFileType = sourcecode.swift; path = MasterAtomsViewController.swift; sourceTree = "<group>"; };
		9274DBD6217C8686007AF82A /* Chemistry-iOS.app */ = {isa = PBXFileReference; explicitFileType = wrapper.application; includeInIndex = 0; path = "Chemistry-iOS.app"; sourceTree = BUILT_PRODUCTS_DIR; };
		9274DBD9217C8687007AF82A /* AppDelegate.swift */ = {isa = PBXFileReference; lastKnownFileType = sourcecode.swift; path = AppDelegate.swift; sourceTree = "<group>"; };
		9274DBDD217C8687007AF82A /* DetailViewController.swift */ = {isa = PBXFileReference; lastKnownFileType = sourcecode.swift; path = DetailViewController.swift; sourceTree = "<group>"; };
		9274DBE2217C86D5007AF82A /* Assets.xcassets */ = {isa = PBXFileReference; lastKnownFileType = folder.assetcatalog; path = Assets.xcassets; sourceTree = "<group>"; };
		9274DBE7217C86D5007AF82A /* Info.plist */ = {isa = PBXFileReference; lastKnownFileType = text.plist.xml; path = Info.plist; sourceTree = "<group>"; };
		9274DBEC217C86D6007AF82A /* Chemistry-iOSTests.xctest */ = {isa = PBXFileReference; explicitFileType = wrapper.cfbundle; includeInIndex = 0; path = "Chemistry-iOSTests.xctest"; sourceTree = BUILT_PRODUCTS_DIR; };
		9274DBF0217C86D6007AF82A /* ChemistryTests.swift */ = {isa = PBXFileReference; lastKnownFileType = sourcecode.swift; path = ChemistryTests.swift; sourceTree = "<group>"; };
		9274DBF2217C86D6007AF82A /* Info.plist */ = {isa = PBXFileReference; lastKnownFileType = text.plist.xml; path = Info.plist; sourceTree = "<group>"; };
		9274DBF7217C86D6007AF82A /* Chemistry-iOSUITests.xctest */ = {isa = PBXFileReference; explicitFileType = wrapper.cfbundle; includeInIndex = 0; path = "Chemistry-iOSUITests.xctest"; sourceTree = BUILT_PRODUCTS_DIR; };
		9274DBFB217C86D6007AF82A /* ChemistryUITests.swift */ = {isa = PBXFileReference; lastKnownFileType = sourcecode.swift; path = ChemistryUITests.swift; sourceTree = "<group>"; };
		9274DBFD217C86D6007AF82A /* Info.plist */ = {isa = PBXFileReference; lastKnownFileType = text.plist.xml; path = Info.plist; sourceTree = "<group>"; };
		92D6F182223FD8F000C0F3A3 /* MasterNavigationController.swift */ = {isa = PBXFileReference; lastKnownFileType = sourcecode.swift; path = MasterNavigationController.swift; sourceTree = "<group>"; };
		9413192AA143D57BC1B8316B /* libPods-Chemistry-iOS.a */ = {isa = PBXFileReference; explicitFileType = archive.ar; includeInIndex = 0; path = "libPods-Chemistry-iOS.a"; sourceTree = BUILT_PRODUCTS_DIR; };
/* End PBXFileReference section */

/* Begin PBXFrameworksBuildPhase section */
		9274DBD3217C8685007AF82A /* Frameworks */ = {
			isa = PBXFrameworksBuildPhase;
			buildActionMask = 2147483647;
			files = (
				04A486372280368B00490805 /* libChemistryShared.a in Frameworks */,
				51C3253DF9AED4E71BDF3295 /* libPods-Chemistry-iOS.a in Frameworks */,
			);
			runOnlyForDeploymentPostprocessing = 0;
		};
		9274DBE9217C86D6007AF82A /* Frameworks */ = {
			isa = PBXFrameworksBuildPhase;
			buildActionMask = 2147483647;
			files = (
			);
			runOnlyForDeploymentPostprocessing = 0;
		};
		9274DBF4217C86D6007AF82A /* Frameworks */ = {
			isa = PBXFrameworksBuildPhase;
			buildActionMask = 2147483647;
			files = (
			);
			runOnlyForDeploymentPostprocessing = 0;
		};
/* End PBXFrameworksBuildPhase section */

/* Begin PBXGroup section */
		043B10B5224FCAD3009E33D0 /* Frameworks */ = {
			isa = PBXGroup;
			children = (
				04A486362280368B00490805 /* libChemistryShared.a */,
				04A486252280354500490805 /* ChemistryShared.framework */,
				9413192AA143D57BC1B8316B /* libPods-Chemistry-iOS.a */,
			);
			name = Frameworks;
			sourceTree = "<group>";
		};
		04F8DD0F227EE37E00064781 /* Reactions */ = {
			isa = PBXGroup;
			children = (
				0458BD9F227DF85600FF26AD /* ReactionCalculatorViewController.swift */,
			);
			path = Reactions;
			sourceTree = "<group>";
		};
		6F48A7D34CC40BB71FD64B8D /* Pods */ = {
			isa = PBXGroup;
			children = (
				4B16FB72A6561BEC674FD8AF /* Pods-Chemistry-iOS.debug.xcconfig */,
				4D835E0665A1D46F9BBA56A6 /* Pods-Chemistry-iOS.release.xcconfig */,
			);
			path = Pods;
			sourceTree = "<group>";
		};
		9274DBCD217C8682007AF82A = {
			isa = PBXGroup;
			children = (
				9274DBD8217C8686007AF82A /* Chemistry */,
				9274DBEF217C86D6007AF82A /* ChemistryTests */,
				9274DBFA217C86D6007AF82A /* ChemistryUITests */,
				9274DBD7217C8686007AF82A /* Products */,
				043B10B5224FCAD3009E33D0 /* Frameworks */,
				6F48A7D34CC40BB71FD64B8D /* Pods */,
			);
			sourceTree = "<group>";
		};
		9274DBD7217C8686007AF82A /* Products */ = {
			isa = PBXGroup;
			children = (
				9274DBD6217C8686007AF82A /* Chemistry-iOS.app */,
				9274DBEC217C86D6007AF82A /* Chemistry-iOSTests.xctest */,
				9274DBF7217C86D6007AF82A /* Chemistry-iOSUITests.xctest */,
			);
			name = Products;
			sourceTree = "<group>";
		};
		9274DBD8217C8686007AF82A /* Chemistry */ = {
			isa = PBXGroup;
			children = (
				04A4865222805B4100490805 /* Chemistry.entitlements */,
				9274DBD9217C8687007AF82A /* AppDelegate.swift */,
				9274DBDF217C8688007AF82A /* Main.storyboard */,
				9274DBDD217C8687007AF82A /* DetailViewController.swift */,
				9274DBE2217C86D5007AF82A /* Assets.xcassets */,
				9274DBE4217C86D5007AF82A /* LaunchScreen.storyboard */,
				9274DBE7217C86D5007AF82A /* Info.plist */,
				04F8DD14227EE42700064781 /* InfoPlist.strings */,
				9238AE7C223E7A860022BA1E /* CustomTabBarController.swift */,
				9238AE7E223E900F0022BA1E /* MasterMoleculesViewController.swift */,
				9238AE80223E96010022BA1E /* MasterAtomsViewController.swift */,
				92D6F182223FD8F000C0F3A3 /* MasterNavigationController.swift */,
				04F8DD0D227EE34100064781 /* MasterReactionViewController.swift */,
				04F8DD0F227EE37E00064781 /* Reactions */,
				045F3081227EFDF100816C02 /* Localizable.strings */,
			);
			path = Chemistry;
			sourceTree = "<group>";
		};
		9274DBEF217C86D6007AF82A /* ChemistryTests */ = {
			isa = PBXGroup;
			children = (
				9274DBF0217C86D6007AF82A /* ChemistryTests.swift */,
				9274DBF2217C86D6007AF82A /* Info.plist */,
			);
			path = ChemistryTests;
			sourceTree = "<group>";
		};
		9274DBFA217C86D6007AF82A /* ChemistryUITests */ = {
			isa = PBXGroup;
			children = (
				9274DBFB217C86D6007AF82A /* ChemistryUITests.swift */,
				9274DBFD217C86D6007AF82A /* Info.plist */,
			);
			path = ChemistryUITests;
			sourceTree = "<group>";
		};
/* End PBXGroup section */

/* Begin PBXNativeTarget section */
		9274DBD5217C8685007AF82A /* Chemistry-iOS */ = {
			isa = PBXNativeTarget;
			buildConfigurationList = 9274DC00217C86D6007AF82A /* Build configuration list for PBXNativeTarget "Chemistry-iOS" */;
			buildPhases = (
				287A8D34C265B490A59543C1 /* [CP] Check Pods Manifest.lock */,
				9274DBD2217C8685007AF82A /* Sources */,
				9274DBD3217C8685007AF82A /* Frameworks */,
				9274DBD4217C8685007AF82A /* Resources */,
				A32B0D34344C3C78EE396C3B /* [CP] Copy Pods Resources */,
			);
			buildRules = (
			);
			dependencies = (
			);
			name = "Chemistry-iOS";
			productName = Chemistry;
			productReference = 9274DBD6217C8686007AF82A /* Chemistry-iOS.app */;
			productType = "com.apple.product-type.application";
		};
		9274DBEB217C86D6007AF82A /* Chemistry-iOSTests */ = {
			isa = PBXNativeTarget;
			buildConfigurationList = 9274DC03217C86D6007AF82A /* Build configuration list for PBXNativeTarget "Chemistry-iOSTests" */;
			buildPhases = (
				9274DBE8217C86D6007AF82A /* Sources */,
				9274DBE9217C86D6007AF82A /* Frameworks */,
				9274DBEA217C86D6007AF82A /* Resources */,
			);
			buildRules = (
			);
			dependencies = (
				9274DBEE217C86D6007AF82A /* PBXTargetDependency */,
			);
			name = "Chemistry-iOSTests";
			productName = ChemistryTests;
			productReference = 9274DBEC217C86D6007AF82A /* Chemistry-iOSTests.xctest */;
			productType = "com.apple.product-type.bundle.unit-test";
		};
		9274DBF6217C86D6007AF82A /* Chemistry-iOSUITests */ = {
			isa = PBXNativeTarget;
			buildConfigurationList = 9274DC06217C86D6007AF82A /* Build configuration list for PBXNativeTarget "Chemistry-iOSUITests" */;
			buildPhases = (
				9274DBF3217C86D6007AF82A /* Sources */,
				9274DBF4217C86D6007AF82A /* Frameworks */,
				9274DBF5217C86D6007AF82A /* Resources */,
			);
			buildRules = (
			);
			dependencies = (
				9274DBF9217C86D6007AF82A /* PBXTargetDependency */,
			);
			name = "Chemistry-iOSUITests";
			productName = ChemistryUITests;
			productReference = 9274DBF7217C86D6007AF82A /* Chemistry-iOSUITests.xctest */;
			productType = "com.apple.product-type.bundle.ui-testing";
		};
/* End PBXNativeTarget section */

/* Begin PBXProject section */
		9274DBCE217C8683007AF82A /* Project object */ = {
			isa = PBXProject;
			attributes = {
				LastSwiftUpdateCheck = 1020;
				LastUpgradeCheck = 1000;
				ORGANIZATIONNAME = "Pavel Kosilo";
				TargetAttributes = {
					9274DBD5217C8685007AF82A = {
						CreatedOnToolsVersion = 10.0;
						SystemCapabilities = {
							com.apple.BackgroundModes = {
								enabled = 1;
							};
							com.apple.DataProtection = {
								enabled = 0;
							};
						};
					};
					9274DBEB217C86D6007AF82A = {
						CreatedOnToolsVersion = 10.0;
						LastSwiftMigration = 1020;
						TestTargetID = 9274DBD5217C8685007AF82A;
					};
					9274DBF6217C86D6007AF82A = {
						CreatedOnToolsVersion = 10.0;
						LastSwiftMigration = 1020;
						TestTargetID = 9274DBD5217C8685007AF82A;
					};
				};
			};
			buildConfigurationList = 9274DBD1217C8684007AF82A /* Build configuration list for PBXProject "Chemistry-iOS" */;
			compatibilityVersion = "Xcode 9.3";
			developmentRegion = en;
			hasScannedForEncodings = 0;
			knownRegions = (
				en,
				ru,
				Base,
			);
			mainGroup = 9274DBCD217C8682007AF82A;
			productRefGroup = 9274DBD7217C8686007AF82A /* Products */;
			projectDirPath = "";
			projectRoot = "";
			targets = (
				9274DBD5217C8685007AF82A /* Chemistry-iOS */,
				9274DBEB217C86D6007AF82A /* Chemistry-iOSTests */,
				9274DBF6217C86D6007AF82A /* Chemistry-iOSUITests */,
			);
		};
/* End PBXProject section */

/* Begin PBXResourcesBuildPhase section */
		9274DBD4217C8685007AF82A /* Resources */ = {
			isa = PBXResourcesBuildPhase;
			buildActionMask = 2147483647;
			files = (
				045F307F227EFDF100816C02 /* Localizable.strings in Resources */,
				9274DBE6217C86D5007AF82A /* LaunchScreen.storyboard in Resources */,
				9274DBE3217C86D5007AF82A /* Assets.xcassets in Resources */,
				9274DBE1217C8688007AF82A /* Main.storyboard in Resources */,
				04F8DD12227EE42700064781 /* InfoPlist.strings in Resources */,
			);
			runOnlyForDeploymentPostprocessing = 0;
		};
		9274DBEA217C86D6007AF82A /* Resources */ = {
			isa = PBXResourcesBuildPhase;
			buildActionMask = 2147483647;
			files = (
			);
			runOnlyForDeploymentPostprocessing = 0;
		};
		9274DBF5217C86D6007AF82A /* Resources */ = {
			isa = PBXResourcesBuildPhase;
			buildActionMask = 2147483647;
			files = (
			);
			runOnlyForDeploymentPostprocessing = 0;
		};
/* End PBXResourcesBuildPhase section */

/* Begin PBXShellScriptBuildPhase section */
		287A8D34C265B490A59543C1 /* [CP] Check Pods Manifest.lock */ = {
			isa = PBXShellScriptBuildPhase;
			buildActionMask = 2147483647;
			files = (
			);
			inputFileListPaths = (
			);
			inputPaths = (
				"${PODS_PODFILE_DIR_PATH}/Podfile.lock",
				"${PODS_ROOT}/Manifest.lock",
			);
			name = "[CP] Check Pods Manifest.lock";
			outputFileListPaths = (
			);
			outputPaths = (
				"$(DERIVED_FILE_DIR)/Pods-Chemistry-iOS-checkManifestLockResult.txt",
			);
			runOnlyForDeploymentPostprocessing = 0;
			shellPath = /bin/sh;
			shellScript = "diff \"${PODS_PODFILE_DIR_PATH}/Podfile.lock\" \"${PODS_ROOT}/Manifest.lock\" > /dev/null\nif [ $? != 0 ] ; then\n    # print error to STDERR\n    echo \"error: The sandbox is not in sync with the Podfile.lock. Run 'pod install' or update your CocoaPods installation.\" >&2\n    exit 1\nfi\n# This output is used by Xcode 'outputs' to avoid re-running this script phase.\necho \"SUCCESS\" > \"${SCRIPT_OUTPUT_FILE_0}\"\n";
			showEnvVarsInLog = 0;
		};
		A32B0D34344C3C78EE396C3B /* [CP] Copy Pods Resources */ = {
			isa = PBXShellScriptBuildPhase;
			buildActionMask = 2147483647;
			files = (
			);
			inputFileListPaths = (
			);
			inputPaths = (
				"${PODS_ROOT}/Target Support Files/Pods-Chemistry-iOS/Pods-Chemistry-iOS-resources.sh",
				"${PODS_ROOT}/BulletinBoard/Resources/CloseGlyph.png",
				"${PODS_ROOT}/BulletinBoard/Resources/CloseGlyph@2x.png",
				"${PODS_ROOT}/BulletinBoard/Resources/CloseGlyph@3x.png",
				"${PODS_ROOT}/BulletinBoard/Resources/Strings/ar.lproj",
				"${PODS_ROOT}/BulletinBoard/Resources/Strings/ca.lproj",
				"${PODS_ROOT}/BulletinBoard/Resources/Strings/cs.lproj",
				"${PODS_ROOT}/BulletinBoard/Resources/Strings/da.lproj",
				"${PODS_ROOT}/BulletinBoard/Resources/Strings/de.lproj",
				"${PODS_ROOT}/BulletinBoard/Resources/Strings/el.lproj",
				"${PODS_ROOT}/BulletinBoard/Resources/Strings/en.lproj",
				"${PODS_ROOT}/BulletinBoard/Resources/Strings/es.lproj",
				"${PODS_ROOT}/BulletinBoard/Resources/Strings/fi.lproj",
				"${PODS_ROOT}/BulletinBoard/Resources/Strings/fr.lproj",
				"${PODS_ROOT}/BulletinBoard/Resources/Strings/he.lproj",
				"${PODS_ROOT}/BulletinBoard/Resources/Strings/hi.lproj",
				"${PODS_ROOT}/BulletinBoard/Resources/Strings/hr.lproj",
				"${PODS_ROOT}/BulletinBoard/Resources/Strings/hu.lproj",
				"${PODS_ROOT}/BulletinBoard/Resources/Strings/id.lproj",
				"${PODS_ROOT}/BulletinBoard/Resources/Strings/it.lproj",
				"${PODS_ROOT}/BulletinBoard/Resources/Strings/ja.lproj",
				"${PODS_ROOT}/BulletinBoard/Resources/Strings/ko.lproj",
				"${PODS_ROOT}/BulletinBoard/Resources/Strings/ms.lproj",
				"${PODS_ROOT}/BulletinBoard/Resources/Strings/nb.lproj",
				"${PODS_ROOT}/BulletinBoard/Resources/Strings/nl.lproj",
				"${PODS_ROOT}/BulletinBoard/Resources/Strings/pl.lproj",
				"${PODS_ROOT}/BulletinBoard/Resources/Strings/pt-BR.lproj",
				"${PODS_ROOT}/BulletinBoard/Resources/Strings/pt-PT.lproj",
				"${PODS_ROOT}/BulletinBoard/Resources/Strings/ro.lproj",
				"${PODS_ROOT}/BulletinBoard/Resources/Strings/ru.lproj",
				"${PODS_ROOT}/BulletinBoard/Resources/Strings/sk.lproj",
				"${PODS_ROOT}/BulletinBoard/Resources/Strings/sv.lproj",
				"${PODS_ROOT}/BulletinBoard/Resources/Strings/th.lproj",
				"${PODS_ROOT}/BulletinBoard/Resources/Strings/tr.lproj",
				"${PODS_ROOT}/BulletinBoard/Resources/Strings/uk.lproj",
				"${PODS_ROOT}/BulletinBoard/Resources/Strings/vi.lproj",
				"${PODS_ROOT}/BulletinBoard/Resources/Strings/zh-Hans.lproj",
				"${PODS_ROOT}/BulletinBoard/Resources/Strings/zh-Hant.lproj",
			);
			name = "[CP] Copy Pods Resources";
			outputFileListPaths = (
			);
			outputPaths = (
				"${TARGET_BUILD_DIR}/${UNLOCALIZED_RESOURCES_FOLDER_PATH}/CloseGlyph.png",
				"${TARGET_BUILD_DIR}/${UNLOCALIZED_RESOURCES_FOLDER_PATH}/CloseGlyph@2x.png",
				"${TARGET_BUILD_DIR}/${UNLOCALIZED_RESOURCES_FOLDER_PATH}/CloseGlyph@3x.png",
				"${TARGET_BUILD_DIR}/${UNLOCALIZED_RESOURCES_FOLDER_PATH}/ar.lproj",
				"${TARGET_BUILD_DIR}/${UNLOCALIZED_RESOURCES_FOLDER_PATH}/ca.lproj",
				"${TARGET_BUILD_DIR}/${UNLOCALIZED_RESOURCES_FOLDER_PATH}/cs.lproj",
				"${TARGET_BUILD_DIR}/${UNLOCALIZED_RESOURCES_FOLDER_PATH}/da.lproj",
				"${TARGET_BUILD_DIR}/${UNLOCALIZED_RESOURCES_FOLDER_PATH}/de.lproj",
				"${TARGET_BUILD_DIR}/${UNLOCALIZED_RESOURCES_FOLDER_PATH}/el.lproj",
				"${TARGET_BUILD_DIR}/${UNLOCALIZED_RESOURCES_FOLDER_PATH}/en.lproj",
				"${TARGET_BUILD_DIR}/${UNLOCALIZED_RESOURCES_FOLDER_PATH}/es.lproj",
				"${TARGET_BUILD_DIR}/${UNLOCALIZED_RESOURCES_FOLDER_PATH}/fi.lproj",
				"${TARGET_BUILD_DIR}/${UNLOCALIZED_RESOURCES_FOLDER_PATH}/fr.lproj",
				"${TARGET_BUILD_DIR}/${UNLOCALIZED_RESOURCES_FOLDER_PATH}/he.lproj",
				"${TARGET_BUILD_DIR}/${UNLOCALIZED_RESOURCES_FOLDER_PATH}/hi.lproj",
				"${TARGET_BUILD_DIR}/${UNLOCALIZED_RESOURCES_FOLDER_PATH}/hr.lproj",
				"${TARGET_BUILD_DIR}/${UNLOCALIZED_RESOURCES_FOLDER_PATH}/hu.lproj",
				"${TARGET_BUILD_DIR}/${UNLOCALIZED_RESOURCES_FOLDER_PATH}/id.lproj",
				"${TARGET_BUILD_DIR}/${UNLOCALIZED_RESOURCES_FOLDER_PATH}/it.lproj",
				"${TARGET_BUILD_DIR}/${UNLOCALIZED_RESOURCES_FOLDER_PATH}/ja.lproj",
				"${TARGET_BUILD_DIR}/${UNLOCALIZED_RESOURCES_FOLDER_PATH}/ko.lproj",
				"${TARGET_BUILD_DIR}/${UNLOCALIZED_RESOURCES_FOLDER_PATH}/ms.lproj",
				"${TARGET_BUILD_DIR}/${UNLOCALIZED_RESOURCES_FOLDER_PATH}/nb.lproj",
				"${TARGET_BUILD_DIR}/${UNLOCALIZED_RESOURCES_FOLDER_PATH}/nl.lproj",
				"${TARGET_BUILD_DIR}/${UNLOCALIZED_RESOURCES_FOLDER_PATH}/pl.lproj",
				"${TARGET_BUILD_DIR}/${UNLOCALIZED_RESOURCES_FOLDER_PATH}/pt-BR.lproj",
				"${TARGET_BUILD_DIR}/${UNLOCALIZED_RESOURCES_FOLDER_PATH}/pt-PT.lproj",
				"${TARGET_BUILD_DIR}/${UNLOCALIZED_RESOURCES_FOLDER_PATH}/ro.lproj",
				"${TARGET_BUILD_DIR}/${UNLOCALIZED_RESOURCES_FOLDER_PATH}/ru.lproj",
				"${TARGET_BUILD_DIR}/${UNLOCALIZED_RESOURCES_FOLDER_PATH}/sk.lproj",
				"${TARGET_BUILD_DIR}/${UNLOCALIZED_RESOURCES_FOLDER_PATH}/sv.lproj",
				"${TARGET_BUILD_DIR}/${UNLOCALIZED_RESOURCES_FOLDER_PATH}/th.lproj",
				"${TARGET_BUILD_DIR}/${UNLOCALIZED_RESOURCES_FOLDER_PATH}/tr.lproj",
				"${TARGET_BUILD_DIR}/${UNLOCALIZED_RESOURCES_FOLDER_PATH}/uk.lproj",
				"${TARGET_BUILD_DIR}/${UNLOCALIZED_RESOURCES_FOLDER_PATH}/vi.lproj",
				"${TARGET_BUILD_DIR}/${UNLOCALIZED_RESOURCES_FOLDER_PATH}/zh-Hans.lproj",
				"${TARGET_BUILD_DIR}/${UNLOCALIZED_RESOURCES_FOLDER_PATH}/zh-Hant.lproj",
			);
			runOnlyForDeploymentPostprocessing = 0;
			shellPath = /bin/sh;
			shellScript = "\"${PODS_ROOT}/Target Support Files/Pods-Chemistry-iOS/Pods-Chemistry-iOS-resources.sh\"\n";
			showEnvVarsInLog = 0;
		};
/* End PBXShellScriptBuildPhase section */

/* Begin PBXSourcesBuildPhase section */
		9274DBD2217C8685007AF82A /* Sources */ = {
			isa = PBXSourcesBuildPhase;
			buildActionMask = 2147483647;
			files = (
				9274DBDE217C8687007AF82A /* DetailViewController.swift in Sources */,
				9238AE7F223E900F0022BA1E /* MasterMoleculesViewController.swift in Sources */,
				04F8DD0C227ED90500064781 /* ReactionCalculatorViewController.swift in Sources */,
				92D6F183223FD8F000C0F3A3 /* MasterNavigationController.swift in Sources */,
				9238AE7D223E7A860022BA1E /* CustomTabBarController.swift in Sources */,
				04F8DD0E227EE34100064781 /* MasterReactionViewController.swift in Sources */,
				9238AE81223E96010022BA1E /* MasterAtomsViewController.swift in Sources */,
				9274DBDA217C8687007AF82A /* AppDelegate.swift in Sources */,
			);
			runOnlyForDeploymentPostprocessing = 0;
		};
		9274DBE8217C86D6007AF82A /* Sources */ = {
			isa = PBXSourcesBuildPhase;
			buildActionMask = 2147483647;
			files = (
				9274DBF1217C86D6007AF82A /* ChemistryTests.swift in Sources */,
			);
			runOnlyForDeploymentPostprocessing = 0;
		};
		9274DBF3217C86D6007AF82A /* Sources */ = {
			isa = PBXSourcesBuildPhase;
			buildActionMask = 2147483647;
			files = (
				9274DBFC217C86D6007AF82A /* ChemistryUITests.swift in Sources */,
			);
			runOnlyForDeploymentPostprocessing = 0;
		};
/* End PBXSourcesBuildPhase section */

/* Begin PBXTargetDependency section */
		9274DBEE217C86D6007AF82A /* PBXTargetDependency */ = {
			isa = PBXTargetDependency;
			target = 9274DBD5217C8685007AF82A /* Chemistry-iOS */;
			targetProxy = 9274DBED217C86D6007AF82A /* PBXContainerItemProxy */;
		};
		9274DBF9217C86D6007AF82A /* PBXTargetDependency */ = {
			isa = PBXTargetDependency;
			target = 9274DBD5217C8685007AF82A /* Chemistry-iOS */;
			targetProxy = 9274DBF8217C86D6007AF82A /* PBXContainerItemProxy */;
		};
/* End PBXTargetDependency section */

/* Begin PBXVariantGroup section */
		045F3081227EFDF100816C02 /* Localizable.strings */ = {
			isa = PBXVariantGroup;
			children = (
				045F3080227EFDF100816C02 /* en */,
				045F3082227EFDF600816C02 /* ru */,
			);
			name = Localizable.strings;
			sourceTree = "<group>";
		};
		04F8DD14227EE42700064781 /* InfoPlist.strings */ = {
			isa = PBXVariantGroup;
			children = (
				04F8DD13227EE42700064781 /* en */,
				04F8DD15227EE43100064781 /* ru */,
			);
			name = InfoPlist.strings;
			sourceTree = "<group>";
		};
		9274DBDF217C8688007AF82A /* Main.storyboard */ = {
			isa = PBXVariantGroup;
			children = (
				04ED925B226F5B3500994A8E /* Base */,
				0458BD9C227DEA1C00FF26AD /* ru */,
			);
			name = Main.storyboard;
			sourceTree = "<group>";
		};
		9274DBE4217C86D5007AF82A /* LaunchScreen.storyboard */ = {
			isa = PBXVariantGroup;
			children = (
				04ED9251226F5A4B00994A8E /* ru */,
				04ED925C226F5B3500994A8E /* Base */,
			);
			name = LaunchScreen.storyboard;
			sourceTree = "<group>";
		};
/* End PBXVariantGroup section */

/* Begin XCBuildConfiguration section */
		9274DBFE217C86D6007AF82A /* Debug */ = {
			isa = XCBuildConfiguration;
			buildSettings = {
				ALWAYS_SEARCH_USER_PATHS = NO;
				CLANG_ANALYZER_LOCALIZABILITY_NONLOCALIZED = YES;
				CLANG_ANALYZER_NONNULL = YES;
				CLANG_ANALYZER_NUMBER_OBJECT_CONVERSION = YES_AGGRESSIVE;
				CLANG_CXX_LANGUAGE_STANDARD = "gnu++14";
				CLANG_CXX_LIBRARY = "libc++";
				CLANG_ENABLE_MODULES = YES;
				CLANG_ENABLE_OBJC_ARC = YES;
				CLANG_ENABLE_OBJC_WEAK = YES;
				CLANG_WARN_BLOCK_CAPTURE_AUTORELEASING = YES;
				CLANG_WARN_BOOL_CONVERSION = YES;
				CLANG_WARN_COMMA = YES;
				CLANG_WARN_CONSTANT_CONVERSION = YES;
				CLANG_WARN_DEPRECATED_OBJC_IMPLEMENTATIONS = YES;
				CLANG_WARN_DIRECT_OBJC_ISA_USAGE = YES_ERROR;
				CLANG_WARN_DOCUMENTATION_COMMENTS = YES;
				CLANG_WARN_EMPTY_BODY = YES;
				CLANG_WARN_ENUM_CONVERSION = YES;
				CLANG_WARN_INFINITE_RECURSION = YES;
				CLANG_WARN_INT_CONVERSION = YES;
				CLANG_WARN_NON_LITERAL_NULL_CONVERSION = YES;
				CLANG_WARN_OBJC_IMPLICIT_RETAIN_SELF = YES;
				CLANG_WARN_OBJC_LITERAL_CONVERSION = YES;
				CLANG_WARN_OBJC_ROOT_CLASS = YES_ERROR;
				CLANG_WARN_RANGE_LOOP_ANALYSIS = YES;
				CLANG_WARN_STRICT_PROTOTYPES = YES;
				CLANG_WARN_SUSPICIOUS_MOVE = YES;
				CLANG_WARN_UNGUARDED_AVAILABILITY = YES_AGGRESSIVE;
				CLANG_WARN_UNREACHABLE_CODE = YES;
				CLANG_WARN__DUPLICATE_METHOD_MATCH = YES;
				CODE_SIGN_IDENTITY = "iPhone Developer";
				COPY_PHASE_STRIP = NO;
				DEBUG_INFORMATION_FORMAT = dwarf;
				ENABLE_STRICT_OBJC_MSGSEND = YES;
				ENABLE_TESTABILITY = YES;
				GCC_C_LANGUAGE_STANDARD = gnu11;
				GCC_DYNAMIC_NO_PIC = NO;
				GCC_NO_COMMON_BLOCKS = YES;
				GCC_OPTIMIZATION_LEVEL = 0;
				GCC_PREPROCESSOR_DEFINITIONS = (
					"DEBUG=1",
					"$(inherited)",
				);
				GCC_WARN_64_TO_32_BIT_CONVERSION = YES;
				GCC_WARN_ABOUT_RETURN_TYPE = YES_ERROR;
				GCC_WARN_UNDECLARED_SELECTOR = YES;
				GCC_WARN_UNINITIALIZED_AUTOS = YES_AGGRESSIVE;
				GCC_WARN_UNUSED_FUNCTION = YES;
				GCC_WARN_UNUSED_VARIABLE = YES;
				IPHONEOS_DEPLOYMENT_TARGET = 12.0;
				MTL_ENABLE_DEBUG_INFO = INCLUDE_SOURCE;
				ONLY_ACTIVE_ARCH = YES;
				SDKROOT = iphoneos;
				SWIFT_ACTIVE_COMPILATION_CONDITIONS = DEBUG;
				SWIFT_OPTIMIZATION_LEVEL = "-Onone";
			};
			name = Debug;
		};
		9274DBFF217C86D6007AF82A /* Release */ = {
			isa = XCBuildConfiguration;
			buildSettings = {
				ALWAYS_SEARCH_USER_PATHS = NO;
				CLANG_ANALYZER_LOCALIZABILITY_NONLOCALIZED = YES;
				CLANG_ANALYZER_NONNULL = YES;
				CLANG_ANALYZER_NUMBER_OBJECT_CONVERSION = YES_AGGRESSIVE;
				CLANG_CXX_LANGUAGE_STANDARD = "gnu++14";
				CLANG_CXX_LIBRARY = "libc++";
				CLANG_ENABLE_MODULES = YES;
				CLANG_ENABLE_OBJC_ARC = YES;
				CLANG_ENABLE_OBJC_WEAK = YES;
				CLANG_WARN_BLOCK_CAPTURE_AUTORELEASING = YES;
				CLANG_WARN_BOOL_CONVERSION = YES;
				CLANG_WARN_COMMA = YES;
				CLANG_WARN_CONSTANT_CONVERSION = YES;
				CLANG_WARN_DEPRECATED_OBJC_IMPLEMENTATIONS = YES;
				CLANG_WARN_DIRECT_OBJC_ISA_USAGE = YES_ERROR;
				CLANG_WARN_DOCUMENTATION_COMMENTS = YES;
				CLANG_WARN_EMPTY_BODY = YES;
				CLANG_WARN_ENUM_CONVERSION = YES;
				CLANG_WARN_INFINITE_RECURSION = YES;
				CLANG_WARN_INT_CONVERSION = YES;
				CLANG_WARN_NON_LITERAL_NULL_CONVERSION = YES;
				CLANG_WARN_OBJC_IMPLICIT_RETAIN_SELF = YES;
				CLANG_WARN_OBJC_LITERAL_CONVERSION = YES;
				CLANG_WARN_OBJC_ROOT_CLASS = YES_ERROR;
				CLANG_WARN_RANGE_LOOP_ANALYSIS = YES;
				CLANG_WARN_STRICT_PROTOTYPES = YES;
				CLANG_WARN_SUSPICIOUS_MOVE = YES;
				CLANG_WARN_UNGUARDED_AVAILABILITY = YES_AGGRESSIVE;
				CLANG_WARN_UNREACHABLE_CODE = YES;
				CLANG_WARN__DUPLICATE_METHOD_MATCH = YES;
				CODE_SIGN_IDENTITY = "iPhone Developer";
				COPY_PHASE_STRIP = NO;
				DEBUG_INFORMATION_FORMAT = "dwarf-with-dsym";
				ENABLE_NS_ASSERTIONS = NO;
				ENABLE_STRICT_OBJC_MSGSEND = YES;
				GCC_C_LANGUAGE_STANDARD = gnu11;
				GCC_NO_COMMON_BLOCKS = YES;
				GCC_WARN_64_TO_32_BIT_CONVERSION = YES;
				GCC_WARN_ABOUT_RETURN_TYPE = YES_ERROR;
				GCC_WARN_UNDECLARED_SELECTOR = YES;
				GCC_WARN_UNINITIALIZED_AUTOS = YES_AGGRESSIVE;
				GCC_WARN_UNUSED_FUNCTION = YES;
				GCC_WARN_UNUSED_VARIABLE = YES;
				IPHONEOS_DEPLOYMENT_TARGET = 12.0;
				MTL_ENABLE_DEBUG_INFO = NO;
				SDKROOT = iphoneos;
				SWIFT_COMPILATION_MODE = wholemodule;
				SWIFT_OPTIMIZATION_LEVEL = "-O";
				VALIDATE_PRODUCT = YES;
			};
			name = Release;
		};
		9274DC01217C86D6007AF82A /* Debug */ = {
			isa = XCBuildConfiguration;
			baseConfigurationReference = 4B16FB72A6561BEC674FD8AF /* Pods-Chemistry-iOS.debug.xcconfig */;
			buildSettings = {
				ASSETCATALOG_COMPILER_APPICON_NAME = AppIcon;
				CODE_SIGN_STYLE = Automatic;
				DEVELOPMENT_TEAM = 6M253KWXRJ;
				INFOPLIST_FILE = Chemistry/Info.plist;
				LD_RUNPATH_SEARCH_PATHS = (
					"$(inherited)",
					"@executable_path/Frameworks",
				);
				PODS_PODFILE_DIR_PATH = "${SRCROOT}/.";
				PODS_ROOT = "${SRCROOT}/Pods";
				PRODUCT_BUNDLE_IDENTIFIER = me.pkosilo.Chemistry;
				PRODUCT_NAME = "$(TARGET_NAME)";
				SWIFT_VERSION = 5.0;
				TARGETED_DEVICE_FAMILY = "1,2";
			};
			name = Debug;
		};
		9274DC02217C86D6007AF82A /* Release */ = {
			isa = XCBuildConfiguration;
			baseConfigurationReference = 4D835E0665A1D46F9BBA56A6 /* Pods-Chemistry-iOS.release.xcconfig */;
			buildSettings = {
				ASSETCATALOG_COMPILER_APPICON_NAME = AppIcon;
				CODE_SIGN_STYLE = Automatic;
				DEVELOPMENT_TEAM = 6M253KWXRJ;
				INFOPLIST_FILE = Chemistry/Info.plist;
				LD_RUNPATH_SEARCH_PATHS = (
					"$(inherited)",
					"@executable_path/Frameworks",
				);
				PODS_PODFILE_DIR_PATH = "${SRCROOT}/.";
				PODS_ROOT = "${SRCROOT}/Pods";
				PRODUCT_BUNDLE_IDENTIFIER = me.pkosilo.Chemistry;
				PRODUCT_NAME = "$(TARGET_NAME)";
				SWIFT_VERSION = 5.0;
				TARGETED_DEVICE_FAMILY = "1,2";
			};
			name = Release;
		};
		9274DC04217C86D6007AF82A /* Debug */ = {
			isa = XCBuildConfiguration;
			buildSettings = {
				ALWAYS_EMBED_SWIFT_STANDARD_LIBRARIES = YES;
				BUNDLE_LOADER = "$(TEST_HOST)";
				CODE_SIGN_STYLE = Automatic;
				DEVELOPMENT_TEAM = 6M253KWXRJ;
				INFOPLIST_FILE = ChemistryTests/Info.plist;
				LD_RUNPATH_SEARCH_PATHS = (
					"$(inherited)",
					"@executable_path/Frameworks",
					"@loader_path/Frameworks",
				);
				PRODUCT_BUNDLE_IDENTIFIER = com.oopscommand.ChemistryTests;
				PRODUCT_NAME = "$(TARGET_NAME)";
				SWIFT_VERSION = 5.0;
				TARGETED_DEVICE_FAMILY = "1,2";
				TEST_HOST = "$(BUILT_PRODUCTS_DIR)/Chemistry-iOS.app/Chemistry-iOS";
			};
			name = Debug;
		};
		9274DC05217C86D6007AF82A /* Release */ = {
			isa = XCBuildConfiguration;
			buildSettings = {
				ALWAYS_EMBED_SWIFT_STANDARD_LIBRARIES = YES;
				BUNDLE_LOADER = "$(TEST_HOST)";
				CODE_SIGN_STYLE = Automatic;
				DEVELOPMENT_TEAM = 6M253KWXRJ;
				INFOPLIST_FILE = ChemistryTests/Info.plist;
				LD_RUNPATH_SEARCH_PATHS = (
					"$(inherited)",
					"@executable_path/Frameworks",
					"@loader_path/Frameworks",
				);
				PRODUCT_BUNDLE_IDENTIFIER = com.oopscommand.ChemistryTests;
				PRODUCT_NAME = "$(TARGET_NAME)";
				SWIFT_VERSION = 5.0;
				TARGETED_DEVICE_FAMILY = "1,2";
				TEST_HOST = "$(BUILT_PRODUCTS_DIR)/Chemistry-iOS.app/Chemistry-iOS";
			};
			name = Release;
		};
		9274DC07217C86D6007AF82A /* Debug */ = {
			isa = XCBuildConfiguration;
			buildSettings = {
				ALWAYS_EMBED_SWIFT_STANDARD_LIBRARIES = YES;
				CODE_SIGN_STYLE = Automatic;
				DEVELOPMENT_TEAM = 6M253KWXRJ;
				INFOPLIST_FILE = ChemistryUITests/Info.plist;
				LD_RUNPATH_SEARCH_PATHS = (
					"$(inherited)",
					"@executable_path/Frameworks",
					"@loader_path/Frameworks",
				);
				PRODUCT_BUNDLE_IDENTIFIER = com.oopscommand.ChemistryUITests;
				PRODUCT_NAME = "$(TARGET_NAME)";
				SWIFT_VERSION = 5.0;
				TARGETED_DEVICE_FAMILY = "1,2";
				TEST_TARGET_NAME = Chemistry;
			};
			name = Debug;
		};
		9274DC08217C86D6007AF82A /* Release */ = {
			isa = XCBuildConfiguration;
			buildSettings = {
				ALWAYS_EMBED_SWIFT_STANDARD_LIBRARIES = YES;
				CODE_SIGN_STYLE = Automatic;
				DEVELOPMENT_TEAM = 6M253KWXRJ;
				INFOPLIST_FILE = ChemistryUITests/Info.plist;
				LD_RUNPATH_SEARCH_PATHS = (
					"$(inherited)",
					"@executable_path/Frameworks",
					"@loader_path/Frameworks",
				);
				PRODUCT_BUNDLE_IDENTIFIER = com.oopscommand.ChemistryUITests;
				PRODUCT_NAME = "$(TARGET_NAME)";
				SWIFT_VERSION = 5.0;
				TARGETED_DEVICE_FAMILY = "1,2";
				TEST_TARGET_NAME = Chemistry;
			};
			name = Release;
		};
/* End XCBuildConfiguration section */

/* Begin XCConfigurationList section */
		9274DBD1217C8684007AF82A /* Build configuration list for PBXProject "Chemistry-iOS" */ = {
			isa = XCConfigurationList;
			buildConfigurations = (
				9274DBFE217C86D6007AF82A /* Debug */,
				9274DBFF217C86D6007AF82A /* Release */,
			);
			defaultConfigurationIsVisible = 0;
			defaultConfigurationName = Release;
		};
		9274DC00217C86D6007AF82A /* Build configuration list for PBXNativeTarget "Chemistry-iOS" */ = {
			isa = XCConfigurationList;
			buildConfigurations = (
				9274DC01217C86D6007AF82A /* Debug */,
				9274DC02217C86D6007AF82A /* Release */,
			);
			defaultConfigurationIsVisible = 0;
			defaultConfigurationName = Release;
		};
		9274DC03217C86D6007AF82A /* Build configuration list for PBXNativeTarget "Chemistry-iOSTests" */ = {
			isa = XCConfigurationList;
			buildConfigurations = (
				9274DC04217C86D6007AF82A /* Debug */,
				9274DC05217C86D6007AF82A /* Release */,
			);
			defaultConfigurationIsVisible = 0;
			defaultConfigurationName = Release;
		};
		9274DC06217C86D6007AF82A /* Build configuration list for PBXNativeTarget "Chemistry-iOSUITests" */ = {
			isa = XCConfigurationList;
			buildConfigurations = (
				9274DC07217C86D6007AF82A /* Debug */,
				9274DC08217C86D6007AF82A /* Release */,
			);
			defaultConfigurationIsVisible = 0;
			defaultConfigurationName = Release;
		};
/* End XCConfigurationList section */
	};
	rootObject = 9274DBCE217C8683007AF82A /* Project object */;
}
